// !$*UTF8*$!
{
	archiveVersion = 1;
	classes = {
	};
	objectVersion = 46;
	objects = {

/* Begin PBXBuildFile section */
		1024E1B9A1C3987F35738E2E /* Pods_UserTests.framework in Frameworks */ = {isa = PBXBuildFile; fileRef = 09717CCD78F686D2504AEF85 /* Pods_UserTests.framework */; };
		7EC754737661ADE11095C839 /* Pods_UserUITests.framework in Frameworks */ = {isa = PBXBuildFile; fileRef = DA3F8CC04F1C016A660CACAB /* Pods_UserUITests.framework */; };
		8705FC0C1F2054E800833763 /* AppDelegate.swift in Sources */ = {isa = PBXBuildFile; fileRef = 8705FC0B1F2054E800833763 /* AppDelegate.swift */; };
		8705FC0E1F2054E800833763 /* ViewController.swift in Sources */ = {isa = PBXBuildFile; fileRef = 8705FC0D1F2054E800833763 /* ViewController.swift */; };
		8705FC111F2054E800833763 /* Main.storyboard in Resources */ = {isa = PBXBuildFile; fileRef = 8705FC0F1F2054E800833763 /* Main.storyboard */; };
		8705FC131F2054E800833763 /* Assets.xcassets in Resources */ = {isa = PBXBuildFile; fileRef = 8705FC121F2054E800833763 /* Assets.xcassets */; };
		8705FC161F2054E800833763 /* LaunchScreen.storyboard in Resources */ = {isa = PBXBuildFile; fileRef = 8705FC141F2054E800833763 /* LaunchScreen.storyboard */; };
		8705FC211F2054E800833763 /* UserTests.swift in Sources */ = {isa = PBXBuildFile; fileRef = 8705FC201F2054E800833763 /* UserTests.swift */; };
		8705FC2C1F2054E800833763 /* UserUITests.swift in Sources */ = {isa = PBXBuildFile; fileRef = 8705FC2B1F2054E800833763 /* UserUITests.swift */; };
		87C398321F21CD0600B91BB8 /* UploadViewController.swift in Sources */ = {isa = PBXBuildFile; fileRef = 87C398311F21CD0600B91BB8 /* UploadViewController.swift */; };
		A3F1029CB06B9BEF30A29BC9 /* Pods_User.framework in Frameworks */ = {isa = PBXBuildFile; fileRef = 1FA296FA24706190AA929882 /* Pods_User.framework */; };
/* End PBXBuildFile section */

/* Begin PBXContainerItemProxy section */
		8705FC1D1F2054E800833763 /* PBXContainerItemProxy */ = {
			isa = PBXContainerItemProxy;
			containerPortal = 8705FC001F2054E800833763 /* Project object */;
			proxyType = 1;
			remoteGlobalIDString = 8705FC071F2054E800833763;
			remoteInfo = User;
		};
		8705FC281F2054E800833763 /* PBXContainerItemProxy */ = {
			isa = PBXContainerItemProxy;
			containerPortal = 8705FC001F2054E800833763 /* Project object */;
			proxyType = 1;
			remoteGlobalIDString = 8705FC071F2054E800833763;
			remoteInfo = User;
		};
/* End PBXContainerItemProxy section */

/* Begin PBXFileReference section */
		09717CCD78F686D2504AEF85 /* Pods_UserTests.framework */ = {isa = PBXFileReference; explicitFileType = wrapper.framework; includeInIndex = 0; path = Pods_UserTests.framework; sourceTree = BUILT_PRODUCTS_DIR; };
		1F930A305E6525D9406E9183 /* Pods-User.debug.xcconfig */ = {isa = PBXFileReference; includeInIndex = 1; lastKnownFileType = text.xcconfig; name = "Pods-User.debug.xcconfig"; path = "Pods/Target Support Files/Pods-User/Pods-User.debug.xcconfig"; sourceTree = "<group>"; };
		1FA296FA24706190AA929882 /* Pods_User.framework */ = {isa = PBXFileReference; explicitFileType = wrapper.framework; includeInIndex = 0; path = Pods_User.framework; sourceTree = BUILT_PRODUCTS_DIR; };
		2CCF3EB8511AAD8651EC1408 /* Pods-UserUITests.debug.xcconfig */ = {isa = PBXFileReference; includeInIndex = 1; lastKnownFileType = text.xcconfig; name = "Pods-UserUITests.debug.xcconfig"; path = "Pods/Target Support Files/Pods-UserUITests/Pods-UserUITests.debug.xcconfig"; sourceTree = "<group>"; };
		3D3BF947FCF218E356DE1769 /* Pods-UserTests.release.xcconfig */ = {isa = PBXFileReference; includeInIndex = 1; lastKnownFileType = text.xcconfig; name = "Pods-UserTests.release.xcconfig"; path = "Pods/Target Support Files/Pods-UserTests/Pods-UserTests.release.xcconfig"; sourceTree = "<group>"; };
		6FF393063EE333D3F0776A51 /* Pods-UserUITests.release.xcconfig */ = {isa = PBXFileReference; includeInIndex = 1; lastKnownFileType = text.xcconfig; name = "Pods-UserUITests.release.xcconfig"; path = "Pods/Target Support Files/Pods-UserUITests/Pods-UserUITests.release.xcconfig"; sourceTree = "<group>"; };
		8705FC081F2054E800833763 /* User.app */ = {isa = PBXFileReference; explicitFileType = wrapper.application; includeInIndex = 0; path = User.app; sourceTree = BUILT_PRODUCTS_DIR; };
		8705FC0B1F2054E800833763 /* AppDelegate.swift */ = {isa = PBXFileReference; lastKnownFileType = sourcecode.swift; path = AppDelegate.swift; sourceTree = "<group>"; };
		8705FC0D1F2054E800833763 /* ViewController.swift */ = {isa = PBXFileReference; lastKnownFileType = sourcecode.swift; path = ViewController.swift; sourceTree = "<group>"; };
		8705FC101F2054E800833763 /* Base */ = {isa = PBXFileReference; lastKnownFileType = file.storyboard; name = Base; path = Base.lproj/Main.storyboard; sourceTree = "<group>"; };
		8705FC121F2054E800833763 /* Assets.xcassets */ = {isa = PBXFileReference; lastKnownFileType = folder.assetcatalog; path = Assets.xcassets; sourceTree = "<group>"; };
		8705FC151F2054E800833763 /* Base */ = {isa = PBXFileReference; lastKnownFileType = file.storyboard; name = Base; path = Base.lproj/LaunchScreen.storyboard; sourceTree = "<group>"; };
		8705FC171F2054E800833763 /* Info.plist */ = {isa = PBXFileReference; lastKnownFileType = text.plist.xml; path = Info.plist; sourceTree = "<group>"; };
		8705FC1C1F2054E800833763 /* UserTests.xctest */ = {isa = PBXFileReference; explicitFileType = wrapper.cfbundle; includeInIndex = 0; path = UserTests.xctest; sourceTree = BUILT_PRODUCTS_DIR; };
		8705FC201F2054E800833763 /* UserTests.swift */ = {isa = PBXFileReference; lastKnownFileType = sourcecode.swift; path = UserTests.swift; sourceTree = "<group>"; };
		8705FC221F2054E800833763 /* Info.plist */ = {isa = PBXFileReference; lastKnownFileType = text.plist.xml; path = Info.plist; sourceTree = "<group>"; };
		8705FC271F2054E800833763 /* UserUITests.xctest */ = {isa = PBXFileReference; explicitFileType = wrapper.cfbundle; includeInIndex = 0; path = UserUITests.xctest; sourceTree = BUILT_PRODUCTS_DIR; };
		8705FC2B1F2054E800833763 /* UserUITests.swift */ = {isa = PBXFileReference; lastKnownFileType = sourcecode.swift; path = UserUITests.swift; sourceTree = "<group>"; };
		8705FC2D1F2054E800833763 /* Info.plist */ = {isa = PBXFileReference; lastKnownFileType = text.plist.xml; path = Info.plist; sourceTree = "<group>"; };
		87C398311F21CD0600B91BB8 /* UploadViewController.swift */ = {isa = PBXFileReference; fileEncoding = 4; lastKnownFileType = sourcecode.swift; path = UploadViewController.swift; sourceTree = "<group>"; };
		9EB61AC359B1AD999BA0E044 /* Pods-UserTests.debug.xcconfig */ = {isa = PBXFileReference; includeInIndex = 1; lastKnownFileType = text.xcconfig; name = "Pods-UserTests.debug.xcconfig"; path = "Pods/Target Support Files/Pods-UserTests/Pods-UserTests.debug.xcconfig"; sourceTree = "<group>"; };
		CA970EE134C7DE6C3A547308 /* Pods-User.release.xcconfig */ = {isa = PBXFileReference; includeInIndex = 1; lastKnownFileType = text.xcconfig; name = "Pods-User.release.xcconfig"; path = "Pods/Target Support Files/Pods-User/Pods-User.release.xcconfig"; sourceTree = "<group>"; };
		DA3F8CC04F1C016A660CACAB /* Pods_UserUITests.framework */ = {isa = PBXFileReference; explicitFileType = wrapper.framework; includeInIndex = 0; path = Pods_UserUITests.framework; sourceTree = BUILT_PRODUCTS_DIR; };
/* End PBXFileReference section */

/* Begin PBXFrameworksBuildPhase section */
		8705FC051F2054E800833763 /* Frameworks */ = {
			isa = PBXFrameworksBuildPhase;
			buildActionMask = 2147483647;
			files = (
				A3F1029CB06B9BEF30A29BC9 /* Pods_User.framework in Frameworks */,
			);
			runOnlyForDeploymentPostprocessing = 0;
		};
		8705FC191F2054E800833763 /* Frameworks */ = {
			isa = PBXFrameworksBuildPhase;
			buildActionMask = 2147483647;
			files = (
				1024E1B9A1C3987F35738E2E /* Pods_UserTests.framework in Frameworks */,
			);
			runOnlyForDeploymentPostprocessing = 0;
		};
		8705FC241F2054E800833763 /* Frameworks */ = {
			isa = PBXFrameworksBuildPhase;
			buildActionMask = 2147483647;
			files = (
				7EC754737661ADE11095C839 /* Pods_UserUITests.framework in Frameworks */,
			);
			runOnlyForDeploymentPostprocessing = 0;
		};
/* End PBXFrameworksBuildPhase section */

/* Begin PBXGroup section */
		5E5A68DE4CA338902D837520 /* Frameworks */ = {
			isa = PBXGroup;
			children = (
				1FA296FA24706190AA929882 /* Pods_User.framework */,
				09717CCD78F686D2504AEF85 /* Pods_UserTests.framework */,
				DA3F8CC04F1C016A660CACAB /* Pods_UserUITests.framework */,
			);
			name = Frameworks;
			sourceTree = "<group>";
		};
		8705FBFF1F2054E800833763 = {
			isa = PBXGroup;
			children = (
				8705FC0A1F2054E800833763 /* User */,
				8705FC1F1F2054E800833763 /* UserTests */,
				8705FC2A1F2054E800833763 /* UserUITests */,
				8705FC091F2054E800833763 /* Products */,
				8FB7990C0776377594F8B597 /* Pods */,
				5E5A68DE4CA338902D837520 /* Frameworks */,
			);
			sourceTree = "<group>";
		};
		8705FC091F2054E800833763 /* Products */ = {
			isa = PBXGroup;
			children = (
				8705FC081F2054E800833763 /* User.app */,
				8705FC1C1F2054E800833763 /* UserTests.xctest */,
				8705FC271F2054E800833763 /* UserUITests.xctest */,
			);
			name = Products;
			sourceTree = "<group>";
		};
		8705FC0A1F2054E800833763 /* User */ = {
			isa = PBXGroup;
			children = (
				8705FC0B1F2054E800833763 /* AppDelegate.swift */,
				8705FC0D1F2054E800833763 /* ViewController.swift */,
				87C398311F21CD0600B91BB8 /* UploadViewController.swift */,
				8705FC0F1F2054E800833763 /* Main.storyboard */,
				8705FC121F2054E800833763 /* Assets.xcassets */,
				8705FC141F2054E800833763 /* LaunchScreen.storyboard */,
				8705FC171F2054E800833763 /* Info.plist */,
			);
			path = User;
			sourceTree = "<group>";
		};
		8705FC1F1F2054E800833763 /* UserTests */ = {
			isa = PBXGroup;
			children = (
				8705FC201F2054E800833763 /* UserTests.swift */,
				8705FC221F2054E800833763 /* Info.plist */,
			);
			path = UserTests;
			sourceTree = "<group>";
		};
		8705FC2A1F2054E800833763 /* UserUITests */ = {
			isa = PBXGroup;
			children = (
				8705FC2B1F2054E800833763 /* UserUITests.swift */,
				8705FC2D1F2054E800833763 /* Info.plist */,
			);
			path = UserUITests;
			sourceTree = "<group>";
		};
		8FB7990C0776377594F8B597 /* Pods */ = {
			isa = PBXGroup;
			children = (
				1F930A305E6525D9406E9183 /* Pods-User.debug.xcconfig */,
				CA970EE134C7DE6C3A547308 /* Pods-User.release.xcconfig */,
				9EB61AC359B1AD999BA0E044 /* Pods-UserTests.debug.xcconfig */,
				3D3BF947FCF218E356DE1769 /* Pods-UserTests.release.xcconfig */,
				2CCF3EB8511AAD8651EC1408 /* Pods-UserUITests.debug.xcconfig */,
				6FF393063EE333D3F0776A51 /* Pods-UserUITests.release.xcconfig */,
			);
			name = Pods;
			sourceTree = "<group>";
		};
/* End PBXGroup section */

/* Begin PBXNativeTarget section */
		8705FC071F2054E800833763 /* User */ = {
			isa = PBXNativeTarget;
			buildConfigurationList = 8705FC301F2054E800833763 /* Build configuration list for PBXNativeTarget "User" */;
			buildPhases = (
				F74E214920172EC1B7295479 /* [CP] Check Pods Manifest.lock */,
				8705FC041F2054E800833763 /* Sources */,
				8705FC051F2054E800833763 /* Frameworks */,
				8705FC061F2054E800833763 /* Resources */,
				B141D488C9C838C4234CA318 /* [CP] Embed Pods Frameworks */,
				DF85522C69F070D7A9745028 /* [CP] Copy Pods Resources */,
			);
			buildRules = (
			);
			dependencies = (
			);
			name = User;
			productName = User;
			productReference = 8705FC081F2054E800833763 /* User.app */;
			productType = "com.apple.product-type.application";
		};
		8705FC1B1F2054E800833763 /* UserTests */ = {
			isa = PBXNativeTarget;
			buildConfigurationList = 8705FC331F2054E800833763 /* Build configuration list for PBXNativeTarget "UserTests" */;
			buildPhases = (
				BDB6FF41B486952854793193 /* [CP] Check Pods Manifest.lock */,
				8705FC181F2054E800833763 /* Sources */,
				8705FC191F2054E800833763 /* Frameworks */,
				8705FC1A1F2054E800833763 /* Resources */,
				9F152F9F1EDF31CD331C16E1 /* [CP] Embed Pods Frameworks */,
				403224A399B396117994720F /* [CP] Copy Pods Resources */,
			);
			buildRules = (
			);
			dependencies = (
				8705FC1E1F2054E800833763 /* PBXTargetDependency */,
			);
			name = UserTests;
			productName = UserTests;
			productReference = 8705FC1C1F2054E800833763 /* UserTests.xctest */;
			productType = "com.apple.product-type.bundle.unit-test";
		};
		8705FC261F2054E800833763 /* UserUITests */ = {
			isa = PBXNativeTarget;
			buildConfigurationList = 8705FC361F2054E800833763 /* Build configuration list for PBXNativeTarget "UserUITests" */;
			buildPhases = (
				CBF4B49886969B38D93F25FE /* [CP] Check Pods Manifest.lock */,
				8705FC231F2054E800833763 /* Sources */,
				8705FC241F2054E800833763 /* Frameworks */,
				8705FC251F2054E800833763 /* Resources */,
				31C04DCA0E9621343BFAEF42 /* [CP] Embed Pods Frameworks */,
				57F839B7E68F751077303FF8 /* [CP] Copy Pods Resources */,
			);
			buildRules = (
			);
			dependencies = (
				8705FC291F2054E800833763 /* PBXTargetDependency */,
			);
			name = UserUITests;
			productName = UserUITests;
			productReference = 8705FC271F2054E800833763 /* UserUITests.xctest */;
			productType = "com.apple.product-type.bundle.ui-testing";
		};
/* End PBXNativeTarget section */

/* Begin PBXProject section */
		8705FC001F2054E800833763 /* Project object */ = {
			isa = PBXProject;
			attributes = {
				LastSwiftUpdateCheck = 0830;
				LastUpgradeCheck = 0830;
				ORGANIZATIONNAME = fastcampus;
				TargetAttributes = {
					8705FC071F2054E800833763 = {
						CreatedOnToolsVersion = 8.3.3;
						DevelopmentTeam = WP98MBV27K;
						ProvisioningStyle = Automatic;
					};
					8705FC1B1F2054E800833763 = {
						CreatedOnToolsVersion = 8.3.3;
						DevelopmentTeam = WP98MBV27K;
						ProvisioningStyle = Automatic;
						TestTargetID = 8705FC071F2054E800833763;
					};
					8705FC261F2054E800833763 = {
						CreatedOnToolsVersion = 8.3.3;
						DevelopmentTeam = WP98MBV27K;
						ProvisioningStyle = Automatic;
						TestTargetID = 8705FC071F2054E800833763;
					};
				};
			};
			buildConfigurationList = 8705FC031F2054E800833763 /* Build configuration list for PBXProject "User" */;
			compatibilityVersion = "Xcode 3.2";
			developmentRegion = English;
			hasScannedForEncodings = 0;
			knownRegions = (
				en,
				Base,
			);
			mainGroup = 8705FBFF1F2054E800833763;
			productRefGroup = 8705FC091F2054E800833763 /* Products */;
			projectDirPath = "";
			projectRoot = "";
			targets = (
				8705FC071F2054E800833763 /* User */,
				8705FC1B1F2054E800833763 /* UserTests */,
				8705FC261F2054E800833763 /* UserUITests */,
			);
		};
/* End PBXProject section */

/* Begin PBXResourcesBuildPhase section */
		8705FC061F2054E800833763 /* Resources */ = {
			isa = PBXResourcesBuildPhase;
			buildActionMask = 2147483647;
			files = (
				8705FC161F2054E800833763 /* LaunchScreen.storyboard in Resources */,
				8705FC131F2054E800833763 /* Assets.xcassets in Resources */,
				8705FC111F2054E800833763 /* Main.storyboard in Resources */,
			);
			runOnlyForDeploymentPostprocessing = 0;
		};
		8705FC1A1F2054E800833763 /* Resources */ = {
			isa = PBXResourcesBuildPhase;
			buildActionMask = 2147483647;
			files = (
			);
			runOnlyForDeploymentPostprocessing = 0;
		};
		8705FC251F2054E800833763 /* Resources */ = {
			isa = PBXResourcesBuildPhase;
			buildActionMask = 2147483647;
			files = (
			);
			runOnlyForDeploymentPostprocessing = 0;
		};
/* End PBXResourcesBuildPhase section */

/* Begin PBXShellScriptBuildPhase section */
		31C04DCA0E9621343BFAEF42 /* [CP] Embed Pods Frameworks */ = {
			isa = PBXShellScriptBuildPhase;
			buildActionMask = 2147483647;
			files = (
			);
			inputPaths = (
			);
			name = "[CP] Embed Pods Frameworks";
			outputPaths = (
			);
			runOnlyForDeploymentPostprocessing = 0;
			shellPath = /bin/sh;
			shellScript = "\"${SRCROOT}/Pods/Target Support Files/Pods-UserUITests/Pods-UserUITests-frameworks.sh\"\n";
			showEnvVarsInLog = 0;
		};
		403224A399B396117994720F /* [CP] Copy Pods Resources */ = {
			isa = PBXShellScriptBuildPhase;
			buildActionMask = 2147483647;
			files = (
			);
			inputPaths = (
			);
			name = "[CP] Copy Pods Resources";
			outputPaths = (
			);
			runOnlyForDeploymentPostprocessing = 0;
			shellPath = /bin/sh;
			shellScript = "\"${SRCROOT}/Pods/Target Support Files/Pods-UserTests/Pods-UserTests-resources.sh\"\n";
			showEnvVarsInLog = 0;
		};
		57F839B7E68F751077303FF8 /* [CP] Copy Pods Resources */ = {
			isa = PBXShellScriptBuildPhase;
			buildActionMask = 2147483647;
			files = (
			);
			inputPaths = (
			);
			name = "[CP] Copy Pods Resources";
			outputPaths = (
			);
			runOnlyForDeploymentPostprocessing = 0;
			shellPath = /bin/sh;
			shellScript = "\"${SRCROOT}/Pods/Target Support Files/Pods-UserUITests/Pods-UserUITests-resources.sh\"\n";
			showEnvVarsInLog = 0;
		};
		9F152F9F1EDF31CD331C16E1 /* [CP] Embed Pods Frameworks */ = {
			isa = PBXShellScriptBuildPhase;
			buildActionMask = 2147483647;
			files = (
			);
			inputPaths = (
			);
			name = "[CP] Embed Pods Frameworks";
			outputPaths = (
			);
			runOnlyForDeploymentPostprocessing = 0;
			shellPath = /bin/sh;
			shellScript = "\"${SRCROOT}/Pods/Target Support Files/Pods-UserTests/Pods-UserTests-frameworks.sh\"\n";
			showEnvVarsInLog = 0;
		};
		B141D488C9C838C4234CA318 /* [CP] Embed Pods Frameworks */ = {
			isa = PBXShellScriptBuildPhase;
			buildActionMask = 2147483647;
			files = (
			);
			inputPaths = (
			);
			name = "[CP] Embed Pods Frameworks";
			outputPaths = (
			);
			runOnlyForDeploymentPostprocessing = 0;
			shellPath = /bin/sh;
			shellScript = "\"${SRCROOT}/Pods/Target Support Files/Pods-User/Pods-User-frameworks.sh\"\n";
			showEnvVarsInLog = 0;
		};
		BDB6FF41B486952854793193 /* [CP] Check Pods Manifest.lock */ = {
			isa = PBXShellScriptBuildPhase;
			buildActionMask = 2147483647;
			files = (
			);
			inputPaths = (
			);
			name = "[CP] Check Pods Manifest.lock";
			outputPaths = (
			);
			runOnlyForDeploymentPostprocessing = 0;
			shellPath = /bin/sh;
			shellScript = "diff \"${PODS_PODFILE_DIR_PATH}/Podfile.lock\" \"${PODS_ROOT}/Manifest.lock\" > /dev/null\nif [ $? != 0 ] ; then\n    # print error to STDERR\n    echo \"error: The sandbox is not in sync with the Podfile.lock. Run 'pod install' or update your CocoaPods installation.\" >&2\n    exit 1\nfi\n";
			showEnvVarsInLog = 0;
		};
		CBF4B49886969B38D93F25FE /* [CP] Check Pods Manifest.lock */ = {
			isa = PBXShellScriptBuildPhase;
			buildActionMask = 2147483647;
			files = (
			);
			inputPaths = (
			);
			name = "[CP] Check Pods Manifest.lock";
			outputPaths = (
			);
			runOnlyForDeploymentPostprocessing = 0;
			shellPath = /bin/sh;
			shellScript = "diff \"${PODS_PODFILE_DIR_PATH}/Podfile.lock\" \"${PODS_ROOT}/Manifest.lock\" > /dev/null\nif [ $? != 0 ] ; then\n    # print error to STDERR\n    echo \"error: The sandbox is not in sync with the Podfile.lock. Run 'pod install' or update your CocoaPods installation.\" >&2\n    exit 1\nfi\n";
			showEnvVarsInLog = 0;
		};
		DF85522C69F070D7A9745028 /* [CP] Copy Pods Resources */ = {
			isa = PBXShellScriptBuildPhase;
			buildActionMask = 2147483647;
			files = (
			);
			inputPaths = (
			);
			name = "[CP] Copy Pods Resources";
			outputPaths = (
			);
			runOnlyForDeploymentPostprocessing = 0;
			shellPath = /bin/sh;
			shellScript = "\"${SRCROOT}/Pods/Target Support Files/Pods-User/Pods-User-resources.sh\"\n";
			showEnvVarsInLog = 0;
		};
		F74E214920172EC1B7295479 /* [CP] Check Pods Manifest.lock */ = {
			isa = PBXShellScriptBuildPhase;
			buildActionMask = 2147483647;
			files = (
			);
			inputPaths = (
			);
			name = "[CP] Check Pods Manifest.lock";
			outputPaths = (
			);
			runOnlyForDeploymentPostprocessing = 0;
			shellPath = /bin/sh;
			shellScript = "diff \"${PODS_PODFILE_DIR_PATH}/Podfile.lock\" \"${PODS_ROOT}/Manifest.lock\" > /dev/null\nif [ $? != 0 ] ; then\n    # print error to STDERR\n    echo \"error: The sandbox is not in sync with the Podfile.lock. Run 'pod install' or update your CocoaPods installation.\" >&2\n    exit 1\nfi\n";
			showEnvVarsInLog = 0;
		};
/* End PBXShellScriptBuildPhase section */

/* Begin PBXSourcesBuildPhase section */
		8705FC041F2054E800833763 /* Sources */ = {
			isa = PBXSourcesBuildPhase;
			buildActionMask = 2147483647;
			files = (
				8705FC0E1F2054E800833763 /* ViewController.swift in Sources */,
				87C398321F21CD0600B91BB8 /* UploadViewController.swift in Sources */,
				8705FC0C1F2054E800833763 /* AppDelegate.swift in Sources */,
			);
			runOnlyForDeploymentPostprocessing = 0;
		};
		8705FC181F2054E800833763 /* Sources */ = {
			isa = PBXSourcesBuildPhase;
			buildActionMask = 2147483647;
			files = (
				8705FC211F2054E800833763 /* UserTests.swift in Sources */,
			);
			runOnlyForDeploymentPostprocessing = 0;
		};
		8705FC231F2054E800833763 /* Sources */ = {
			isa = PBXSourcesBuildPhase;
			buildActionMask = 2147483647;
			files = (
				8705FC2C1F2054E800833763 /* UserUITests.swift in Sources */,
			);
			runOnlyForDeploymentPostprocessing = 0;
		};
/* End PBXSourcesBuildPhase section */

/* Begin PBXTargetDependency section */
		8705FC1E1F2054E800833763 /* PBXTargetDependency */ = {
			isa = PBXTargetDependency;
			target = 8705FC071F2054E800833763 /* User */;
			targetProxy = 8705FC1D1F2054E800833763 /* PBXContainerItemProxy */;
		};
		8705FC291F2054E800833763 /* PBXTargetDependency */ = {
			isa = PBXTargetDependency;
			target = 8705FC071F2054E800833763 /* User */;
			targetProxy = 8705FC281F2054E800833763 /* PBXContainerItemProxy */;
		};
/* End PBXTargetDependency section */

/* Begin PBXVariantGroup section */
		8705FC0F1F2054E800833763 /* Main.storyboard */ = {
			isa = PBXVariantGroup;
			children = (
				8705FC101F2054E800833763 /* Base */,
			);
			name = Main.storyboard;
			sourceTree = "<group>";
		};
		8705FC141F2054E800833763 /* LaunchScreen.storyboard */ = {
			isa = PBXVariantGroup;
			children = (
				8705FC151F2054E800833763 /* Base */,
			);
			name = LaunchScreen.storyboard;
			sourceTree = "<group>";
		};
/* End PBXVariantGroup section */

/* Begin XCBuildConfiguration section */
		8705FC2E1F2054E800833763 /* Debug */ = {
			isa = XCBuildConfiguration;
			buildSettings = {
				ALWAYS_SEARCH_USER_PATHS = NO;
				CLANG_ANALYZER_NONNULL = YES;
				CLANG_ANALYZER_NUMBER_OBJECT_CONVERSION = YES_AGGRESSIVE;
				CLANG_CXX_LANGUAGE_STANDARD = "gnu++0x";
				CLANG_CXX_LIBRARY = "libc++";
				CLANG_ENABLE_MODULES = YES;
				CLANG_ENABLE_OBJC_ARC = YES;
				CLANG_WARN_BOOL_CONVERSION = YES;
				CLANG_WARN_CONSTANT_CONVERSION = YES;
				CLANG_WARN_DIRECT_OBJC_ISA_USAGE = YES_ERROR;
				CLANG_WARN_DOCUMENTATION_COMMENTS = YES;
				CLANG_WARN_EMPTY_BODY = YES;
				CLANG_WARN_ENUM_CONVERSION = YES;
				CLANG_WARN_INFINITE_RECURSION = YES;
				CLANG_WARN_INT_CONVERSION = YES;
				CLANG_WARN_OBJC_ROOT_CLASS = YES_ERROR;
				CLANG_WARN_SUSPICIOUS_MOVE = YES;
				CLANG_WARN_UNREACHABLE_CODE = YES;
				CLANG_WARN__DUPLICATE_METHOD_MATCH = YES;
				"CODE_SIGN_IDENTITY[sdk=iphoneos*]" = "iPhone Developer";
				COPY_PHASE_STRIP = NO;
				DEBUG_INFORMATION_FORMAT = dwarf;
				ENABLE_STRICT_OBJC_MSGSEND = YES;
				ENABLE_TESTABILITY = YES;
				GCC_C_LANGUAGE_STANDARD = gnu99;
				GCC_DYNAMIC_NO_PIC = NO;
				GCC_NO_COMMON_BLOCKS = YES;
				GCC_OPTIMIZATION_LEVEL = 0;
				GCC_PREPROCESSOR_DEFINITIONS = (
					"DEBUG=1",
					"$(inherited)",
				);
				GCC_WARN_64_TO_32_BIT_CONVERSION = YES;
				GCC_WARN_ABOUT_RETURN_TYPE = YES_ERROR;
				GCC_WARN_UNDECLARED_SELECTOR = YES;
				GCC_WARN_UNINITIALIZED_AUTOS = YES_AGGRESSIVE;
				GCC_WARN_UNUSED_FUNCTION = YES;
				GCC_WARN_UNUSED_VARIABLE = YES;
				IPHONEOS_DEPLOYMENT_TARGET = 10.3;
				MTL_ENABLE_DEBUG_INFO = YES;
				ONLY_ACTIVE_ARCH = YES;
				SDKROOT = iphoneos;
				SWIFT_ACTIVE_COMPILATION_CONDITIONS = DEBUG;
				SWIFT_OPTIMIZATION_LEVEL = "-Onone";
				TARGETED_DEVICE_FAMILY = "1,2";
			};
			name = Debug;
		};
		8705FC2F1F2054E800833763 /* Release */ = {
			isa = XCBuildConfiguration;
			buildSettings = {
				ALWAYS_SEARCH_USER_PATHS = NO;
				CLANG_ANALYZER_NONNULL = YES;
				CLANG_ANALYZER_NUMBER_OBJECT_CONVERSION = YES_AGGRESSIVE;
				CLANG_CXX_LANGUAGE_STANDARD = "gnu++0x";
				CLANG_CXX_LIBRARY = "libc++";
				CLANG_ENABLE_MODULES = YES;
				CLANG_ENABLE_OBJC_ARC = YES;
				CLANG_WARN_BOOL_CONVERSION = YES;
				CLANG_WARN_CONSTANT_CONVERSION = YES;
				CLANG_WARN_DIRECT_OBJC_ISA_USAGE = YES_ERROR;
				CLANG_WARN_DOCUMENTATION_COMMENTS = YES;
				CLANG_WARN_EMPTY_BODY = YES;
				CLANG_WARN_ENUM_CONVERSION = YES;
				CLANG_WARN_INFINITE_RECURSION = YES;
				CLANG_WARN_INT_CONVERSION = YES;
				CLANG_WARN_OBJC_ROOT_CLASS = YES_ERROR;
				CLANG_WARN_SUSPICIOUS_MOVE = YES;
				CLANG_WARN_UNREACHABLE_CODE = YES;
				CLANG_WARN__DUPLICATE_METHOD_MATCH = YES;
				"CODE_SIGN_IDENTITY[sdk=iphoneos*]" = "iPhone Developer";
				COPY_PHASE_STRIP = NO;
				DEBUG_INFORMATION_FORMAT = "dwarf-with-dsym";
				ENABLE_NS_ASSERTIONS = NO;
				ENABLE_STRICT_OBJC_MSGSEND = YES;
				GCC_C_LANGUAGE_STANDARD = gnu99;
				GCC_NO_COMMON_BLOCKS = YES;
				GCC_WARN_64_TO_32_BIT_CONVERSION = YES;
				GCC_WARN_ABOUT_RETURN_TYPE = YES_ERROR;
				GCC_WARN_UNDECLARED_SELECTOR = YES;
				GCC_WARN_UNINITIALIZED_AUTOS = YES_AGGRESSIVE;
				GCC_WARN_UNUSED_FUNCTION = YES;
				GCC_WARN_UNUSED_VARIABLE = YES;
				IPHONEOS_DEPLOYMENT_TARGET = 10.3;
				MTL_ENABLE_DEBUG_INFO = NO;
				SDKROOT = iphoneos;
				SWIFT_OPTIMIZATION_LEVEL = "-Owholemodule";
				TARGETED_DEVICE_FAMILY = "1,2";
				VALIDATE_PRODUCT = YES;
			};
			name = Release;
		};
		8705FC311F2054E800833763 /* Debug */ = {
			isa = XCBuildConfiguration;
			baseConfigurationReference = 1F930A305E6525D9406E9183 /* Pods-User.debug.xcconfig */;
			buildSettings = {
				ASSETCATALOG_COMPILER_APPICON_NAME = AppIcon;
				DEVELOPMENT_TEAM = WP98MBV27K;
				INFOPLIST_FILE = User/Info.plist;
				LD_RUNPATH_SEARCH_PATHS = "$(inherited) @executable_path/Frameworks";
				PRODUCT_BUNDLE_IDENTIFIER = com.fastcampus.User;
				PRODUCT_NAME = "$(TARGET_NAME)";
				SWIFT_VERSION = 3.0;
			};
			name = Debug;
		};
		8705FC321F2054E800833763 /* Release */ = {
			isa = XCBuildConfiguration;
			baseConfigurationReference = CA970EE134C7DE6C3A547308 /* Pods-User.release.xcconfig */;
			buildSettings = {
				ASSETCATALOG_COMPILER_APPICON_NAME = AppIcon;
				DEVELOPMENT_TEAM = WP98MBV27K;
				INFOPLIST_FILE = User/Info.plist;
				LD_RUNPATH_SEARCH_PATHS = "$(inherited) @executable_path/Frameworks";
				PRODUCT_BUNDLE_IDENTIFIER = com.fastcampus.User;
				PRODUCT_NAME = "$(TARGET_NAME)";
				SWIFT_VERSION = 3.0;
			};
			name = Release;
		};
		8705FC341F2054E800833763 /* Debug */ = {
			isa = XCBuildConfiguration;
			baseConfigurationReference = 9EB61AC359B1AD999BA0E044 /* Pods-UserTests.debug.xcconfig */;
			buildSettings = {
				ALWAYS_EMBED_SWIFT_STANDARD_LIBRARIES = YES;
				BUNDLE_LOADER = "$(TEST_HOST)";
				DEVELOPMENT_TEAM = WP98MBV27K;
				INFOPLIST_FILE = UserTests/Info.plist;
				LD_RUNPATH_SEARCH_PATHS = "$(inherited) @executable_path/Frameworks @loader_path/Frameworks";
				PRODUCT_BUNDLE_IDENTIFIER = com.fastcampus.UserTests;
				PRODUCT_NAME = "$(TARGET_NAME)";
				SWIFT_VERSION = 3.0;
				TEST_HOST = "$(BUILT_PRODUCTS_DIR)/User.app/User";
			};
			name = Debug;
		};
		8705FC351F2054E800833763 /* Release */ = {
			isa = XCBuildConfiguration;
			baseConfigurationReference = 3D3BF947FCF218E356DE1769 /* Pods-UserTests.release.xcconfig */;
			buildSettings = {
				ALWAYS_EMBED_SWIFT_STANDARD_LIBRARIES = YES;
				BUNDLE_LOADER = "$(TEST_HOST)";
				DEVELOPMENT_TEAM = WP98MBV27K;
				INFOPLIST_FILE = UserTests/Info.plist;
				LD_RUNPATH_SEARCH_PATHS = "$(inherited) @executable_path/Frameworks @loader_path/Frameworks";
				PRODUCT_BUNDLE_IDENTIFIER = com.fastcampus.UserTests;
				PRODUCT_NAME = "$(TARGET_NAME)";
				SWIFT_VERSION = 3.0;
				TEST_HOST = "$(BUILT_PRODUCTS_DIR)/User.app/User";
			};
			name = Release;
		};
		8705FC371F2054E800833763 /* Debug */ = {
			isa = XCBuildConfiguration;
			baseConfigurationReference = 2CCF3EB8511AAD8651EC1408 /* Pods-UserUITests.debug.xcconfig */;
			buildSettings = {
				ALWAYS_EMBED_SWIFT_STANDARD_LIBRARIES = YES;
				DEVELOPMENT_TEAM = WP98MBV27K;
				INFOPLIST_FILE = UserUITests/Info.plist;
				LD_RUNPATH_SEARCH_PATHS = "$(inherited) @executable_path/Frameworks @loader_path/Frameworks";
				PRODUCT_BUNDLE_IDENTIFIER = com.fastcampus.UserUITests;
				PRODUCT_NAME = "$(TARGET_NAME)";
				SWIFT_VERSION = 3.0;
				TEST_TARGET_NAME = User;
			};
			name = Debug;
		};
		8705FC381F2054E800833763 /* Release */ = {
			isa = XCBuildConfiguration;
			baseConfigurationReference = 6FF393063EE333D3F0776A51 /* Pods-UserUITests.release.xcconfig */;
			buildSettings = {
				ALWAYS_EMBED_SWIFT_STANDARD_LIBRARIES = YES;
				DEVELOPMENT_TEAM = WP98MBV27K;
				INFOPLIST_FILE = UserUITests/Info.plist;
				LD_RUNPATH_SEARCH_PATHS = "$(inherited) @executable_path/Frameworks @loader_path/Frameworks";
				PRODUCT_BUNDLE_IDENTIFIER = com.fastcampus.UserUITests;
				PRODUCT_NAME = "$(TARGET_NAME)";
				SWIFT_VERSION = 3.0;
				TEST_TARGET_NAME = User;
			};
			name = Release;
		};
/* End XCBuildConfiguration section */

/* Begin XCConfigurationList section */
		8705FC031F2054E800833763 /* Build configuration list for PBXProject "User" */ = {
			isa = XCConfigurationList;
			buildConfigurations = (
				8705FC2E1F2054E800833763 /* Debug */,
				8705FC2F1F2054E800833763 /* Release */,
			);
			defaultConfigurationIsVisible = 0;
			defaultConfigurationName = Release;
		};
		8705FC301F2054E800833763 /* Build configuration list for PBXNativeTarget "User" */ = {
			isa = XCConfigurationList;
			buildConfigurations = (
				8705FC311F2054E800833763 /* Debug */,
				8705FC321F2054E800833763 /* Release */,
			);
			defaultConfigurationIsVisible = 0;
			defaultConfigurationName = Release;
		};
		8705FC331F2054E800833763 /* Build configuration list for PBXNativeTarget "UserTests" */ = {
			isa = XCConfigurationList;
			buildConfigurations = (
				8705FC341F2054E800833763 /* Debug */,
				8705FC351F2054E800833763 /* Release */,
			);
			defaultConfigurationIsVisible = 0;
			defaultConfigurationName = Release;
		};
		8705FC361F2054E800833763 /* Build configuration list for PBXNativeTarget "UserUITests" */ = {
			isa = XCConfigurationList;
			buildConfigurations = (
				8705FC371F2054E800833763 /* Debug */,
				8705FC381F2054E800833763 /* Release */,
			);
			defaultConfigurationIsVisible = 0;
			defaultConfigurationName = Release;
		};
/* End XCConfigurationList section */
	};
	rootObject = 8705FC001F2054E800833763 /* Project object */;
}
