// !$*UTF8*$!
{
	archiveVersion = 1;
	classes = {
	};
	objectVersion = 46;
	objects = {

/* Begin PBXBuildFile section */
		71AEA1BA1F0B2A0B002CD3FC /* AppDelegate.swift in Sources */ = {isa = PBXBuildFile; fileRef = 71AEA1B91F0B2A0B002CD3FC /* AppDelegate.swift */; };
		71AEA1BC1F0B2A0B002CD3FC /* ViewController.swift in Sources */ = {isa = PBXBuildFile; fileRef = 71AEA1BB1F0B2A0B002CD3FC /* ViewController.swift */; };
		71AEA1BF1F0B2A0B002CD3FC /* Main.storyboard in Resources */ = {isa = PBXBuildFile; fileRef = 71AEA1BD1F0B2A0B002CD3FC /* Main.storyboard */; };
		71AEA1C11F0B2A0B002CD3FC /* Assets.xcassets in Resources */ = {isa = PBXBuildFile; fileRef = 71AEA1C01F0B2A0B002CD3FC /* Assets.xcassets */; };
		71AEA1C41F0B2A0B002CD3FC /* LaunchScreen.storyboard in Resources */ = {isa = PBXBuildFile; fileRef = 71AEA1C21F0B2A0B002CD3FC /* LaunchScreen.storyboard */; };
		8D3CB887A1A5FCD77A90E070 /* Pods_TLPhotoPickerSample.framework in Frameworks */ = {isa = PBXBuildFile; fileRef = 23E6863BED85807F327B83AD /* Pods_TLPhotoPickerSample.framework */; };
/* End PBXBuildFile section */

/* Begin PBXFileReference section */
		1AA46766A3BE3AFAB86A248B /* Pods-TLPhotoPickerSample.release.xcconfig */ = {isa = PBXFileReference; includeInIndex = 1; lastKnownFileType = text.xcconfig; name = "Pods-TLPhotoPickerSample.release.xcconfig"; path = "Pods/Target Support Files/Pods-TLPhotoPickerSample/Pods-TLPhotoPickerSample.release.xcconfig"; sourceTree = "<group>"; };
		23E6863BED85807F327B83AD /* Pods_TLPhotoPickerSample.framework */ = {isa = PBXFileReference; explicitFileType = wrapper.framework; includeInIndex = 0; path = Pods_TLPhotoPickerSample.framework; sourceTree = BUILT_PRODUCTS_DIR; };
		71AEA1B61F0B2A0B002CD3FC /* TLPhotoPickerSample.app */ = {isa = PBXFileReference; explicitFileType = wrapper.application; includeInIndex = 0; path = TLPhotoPickerSample.app; sourceTree = BUILT_PRODUCTS_DIR; };
		71AEA1B91F0B2A0B002CD3FC /* AppDelegate.swift */ = {isa = PBXFileReference; lastKnownFileType = sourcecode.swift; path = AppDelegate.swift; sourceTree = "<group>"; };
		71AEA1BB1F0B2A0B002CD3FC /* ViewController.swift */ = {isa = PBXFileReference; lastKnownFileType = sourcecode.swift; path = ViewController.swift; sourceTree = "<group>"; };
		71AEA1BE1F0B2A0B002CD3FC /* Base */ = {isa = PBXFileReference; lastKnownFileType = file.storyboard; name = Base; path = Base.lproj/Main.storyboard; sourceTree = "<group>"; };
		71AEA1C01F0B2A0B002CD3FC /* Assets.xcassets */ = {isa = PBXFileReference; lastKnownFileType = folder.assetcatalog; path = Assets.xcassets; sourceTree = "<group>"; };
		71AEA1C31F0B2A0B002CD3FC /* Base */ = {isa = PBXFileReference; lastKnownFileType = file.storyboard; name = Base; path = Base.lproj/LaunchScreen.storyboard; sourceTree = "<group>"; };
		71AEA1C51F0B2A0B002CD3FC /* Info.plist */ = {isa = PBXFileReference; lastKnownFileType = text.plist.xml; path = Info.plist; sourceTree = "<group>"; };
		BD6D00501C9F08F7775ECCE4 /* Pods-TLPhotoPickerSample.debug.xcconfig */ = {isa = PBXFileReference; includeInIndex = 1; lastKnownFileType = text.xcconfig; name = "Pods-TLPhotoPickerSample.debug.xcconfig"; path = "Pods/Target Support Files/Pods-TLPhotoPickerSample/Pods-TLPhotoPickerSample.debug.xcconfig"; sourceTree = "<group>"; };
/* End PBXFileReference section */

/* Begin PBXFrameworksBuildPhase section */
		71AEA1B31F0B2A0B002CD3FC /* Frameworks */ = {
			isa = PBXFrameworksBuildPhase;
			buildActionMask = 2147483647;
			files = (
				8D3CB887A1A5FCD77A90E070 /* Pods_TLPhotoPickerSample.framework in Frameworks */,
			);
			runOnlyForDeploymentPostprocessing = 0;
		};
/* End PBXFrameworksBuildPhase section */

/* Begin PBXGroup section */
		71AEA1AD1F0B2A0B002CD3FC = {
			isa = PBXGroup;
			children = (
				71AEA1B81F0B2A0B002CD3FC /* TLPhotoPickerSample */,
				71AEA1B71F0B2A0B002CD3FC /* Products */,
				75E6DD9EC10BD36452C68549 /* Pods */,
				CE76261141EC159565BFC6FC /* Frameworks */,
			);
			sourceTree = "<group>";
		};
		71AEA1B71F0B2A0B002CD3FC /* Products */ = {
			isa = PBXGroup;
			children = (
				71AEA1B61F0B2A0B002CD3FC /* TLPhotoPickerSample.app */,
			);
			name = Products;
			sourceTree = "<group>";
		};
		71AEA1B81F0B2A0B002CD3FC /* TLPhotoPickerSample */ = {
			isa = PBXGroup;
			children = (
				71AEA1B91F0B2A0B002CD3FC /* AppDelegate.swift */,
				71AEA1BB1F0B2A0B002CD3FC /* ViewController.swift */,
				71AEA1BD1F0B2A0B002CD3FC /* Main.storyboard */,
				71AEA1C01F0B2A0B002CD3FC /* Assets.xcassets */,
				71AEA1C21F0B2A0B002CD3FC /* LaunchScreen.storyboard */,
				71AEA1C51F0B2A0B002CD3FC /* Info.plist */,
			);
			path = TLPhotoPickerSample;
			sourceTree = "<group>";
		};
		75E6DD9EC10BD36452C68549 /* Pods */ = {
			isa = PBXGroup;
			children = (
				BD6D00501C9F08F7775ECCE4 /* Pods-TLPhotoPickerSample.debug.xcconfig */,
				1AA46766A3BE3AFAB86A248B /* Pods-TLPhotoPickerSample.release.xcconfig */,
			);
			name = Pods;
			sourceTree = "<group>";
		};
		CE76261141EC159565BFC6FC /* Frameworks */ = {
			isa = PBXGroup;
			children = (
				23E6863BED85807F327B83AD /* Pods_TLPhotoPickerSample.framework */,
			);
			name = Frameworks;
			sourceTree = "<group>";
		};
/* End PBXGroup section */

/* Begin PBXNativeTarget section */
		71AEA1B51F0B2A0B002CD3FC /* TLPhotoPickerSample */ = {
			isa = PBXNativeTarget;
			buildConfigurationList = 71AEA1C81F0B2A0B002CD3FC /* Build configuration list for PBXNativeTarget "TLPhotoPickerSample" */;
			buildPhases = (
				C9B66731F0B099507C2D7B7B /* [CP] Check Pods Manifest.lock */,
				71AEA1B21F0B2A0B002CD3FC /* Sources */,
				71AEA1B31F0B2A0B002CD3FC /* Frameworks */,
				71AEA1B41F0B2A0B002CD3FC /* Resources */,
				22AC8087AB519F077158C1EB /* [CP] Embed Pods Frameworks */,
				07FB6C20203FAF6DC1347398 /* [CP] Copy Pods Resources */,
			);
			buildRules = (
			);
			dependencies = (
			);
			name = TLPhotoPickerSample;
			productName = TLPhotoPickerSample;
			productReference = 71AEA1B61F0B2A0B002CD3FC /* TLPhotoPickerSample.app */;
			productType = "com.apple.product-type.application";
		};
/* End PBXNativeTarget section */

/* Begin PBXProject section */
		71AEA1AE1F0B2A0B002CD3FC /* Project object */ = {
			isa = PBXProject;
			attributes = {
				LastSwiftUpdateCheck = 0830;
				LastUpgradeCheck = 0830;
				ORGANIZATIONNAME = CLEE;
				TargetAttributes = {
					71AEA1B51F0B2A0B002CD3FC = {
						CreatedOnToolsVersion = 8.3.3;
						ProvisioningStyle = Automatic;
					};
				};
			};
			buildConfigurationList = 71AEA1B11F0B2A0B002CD3FC /* Build configuration list for PBXProject "TLPhotoPickerSample" */;
			compatibilityVersion = "Xcode 3.2";
			developmentRegion = English;
			hasScannedForEncodings = 0;
			knownRegions = (
				en,
				Base,
			);
			mainGroup = 71AEA1AD1F0B2A0B002CD3FC;
			productRefGroup = 71AEA1B71F0B2A0B002CD3FC /* Products */;
			projectDirPath = "";
			projectRoot = "";
			targets = (
				71AEA1B51F0B2A0B002CD3FC /* TLPhotoPickerSample */,
			);
		};
/* End PBXProject section */

/* Begin PBXResourcesBuildPhase section */
		71AEA1B41F0B2A0B002CD3FC /* Resources */ = {
			isa = PBXResourcesBuildPhase;
			buildActionMask = 2147483647;
			files = (
				71AEA1C41F0B2A0B002CD3FC /* LaunchScreen.storyboard in Resources */,
				71AEA1C11F0B2A0B002CD3FC /* Assets.xcassets in Resources */,
				71AEA1BF1F0B2A0B002CD3FC /* Main.storyboard in Resources */,
			);
			runOnlyForDeploymentPostprocessing = 0;
		};
/* End PBXResourcesBuildPhase section */

/* Begin PBXShellScriptBuildPhase section */
		07FB6C20203FAF6DC1347398 /* [CP] Copy Pods Resources */ = {
			isa = PBXShellScriptBuildPhase;
			buildActionMask = 2147483647;
			files = (
			);
			inputPaths = (
			);
			name = "[CP] Copy Pods Resources";
			outputPaths = (
			);
			runOnlyForDeploymentPostprocessing = 0;
			shellPath = /bin/sh;
			shellScript = "\"${SRCROOT}/Pods/Target Support Files/Pods-TLPhotoPickerSample/Pods-TLPhotoPickerSample-resources.sh\"\n";
			showEnvVarsInLog = 0;
		};
		22AC8087AB519F077158C1EB /* [CP] Embed Pods Frameworks */ = {
			isa = PBXShellScriptBuildPhase;
			buildActionMask = 2147483647;
			files = (
			);
			inputPaths = (
			);
			name = "[CP] Embed Pods Frameworks";
			outputPaths = (
			);
			runOnlyForDeploymentPostprocessing = 0;
			shellPath = /bin/sh;
			shellScript = "\"${SRCROOT}/Pods/Target Support Files/Pods-TLPhotoPickerSample/Pods-TLPhotoPickerSample-frameworks.sh\"\n";
			showEnvVarsInLog = 0;
		};
		C9B66731F0B099507C2D7B7B /* [CP] Check Pods Manifest.lock */ = {
			isa = PBXShellScriptBuildPhase;
			buildActionMask = 2147483647;
			files = (
			);
			inputPaths = (
			);
			name = "[CP] Check Pods Manifest.lock";
			outputPaths = (
			);
			runOnlyForDeploymentPostprocessing = 0;
			shellPath = /bin/sh;
			shellScript = "diff \"${PODS_ROOT}/../Podfile.lock\" \"${PODS_ROOT}/Manifest.lock\" > /dev/null\nif [ $? != 0 ] ; then\n    # print error to STDERR\n    echo \"error: The sandbox is not in sync with the Podfile.lock. Run 'pod install' or update your CocoaPods installation.\" >&2\n    exit 1\nfi\n";
			showEnvVarsInLog = 0;
		};
/* End PBXShellScriptBuildPhase section */

/* Begin PBXSourcesBuildPhase section */
		71AEA1B21F0B2A0B002CD3FC /* Sources */ = {
			isa = PBXSourcesBuildPhase;
			buildActionMask = 2147483647;
			files = (
				71AEA1BC1F0B2A0B002CD3FC /* ViewController.swift in Sources */,
				71AEA1BA1F0B2A0B002CD3FC /* AppDelegate.swift in Sources */,
			);
			runOnlyForDeploymentPostprocessing = 0;
		};
/* End PBXSourcesBuildPhase section */

/* Begin PBXVariantGroup section */
		71AEA1BD1F0B2A0B002CD3FC /* Main.storyboard */ = {
			isa = PBXVariantGroup;
			children = (
				71AEA1BE1F0B2A0B002CD3FC /* Base */,
			);
			name = Main.storyboard;
			sourceTree = "<group>";
		};
		71AEA1C21F0B2A0B002CD3FC /* LaunchScreen.storyboard */ = {
			isa = PBXVariantGroup;
			children = (
				71AEA1C31F0B2A0B002CD3FC /* Base */,
			);
			name = LaunchScreen.storyboard;
			sourceTree = "<group>";
		};
/* End PBXVariantGroup section */

/* Begin XCBuildConfiguration section */
		71AEA1C61F0B2A0B002CD3FC /* Debug */ = {
			isa = XCBuildConfiguration;
			buildSettings = {
				ALWAYS_SEARCH_USER_PATHS = NO;
				CLANG_ANALYZER_NONNULL = YES;
				CLANG_ANALYZER_NUMBER_OBJECT_CONVERSION = YES_AGGRESSIVE;
				CLANG_CXX_LANGUAGE_STANDARD = "gnu++0x";
				CLANG_CXX_LIBRARY = "libc++";
				CLANG_ENABLE_MODULES = YES;
				CLANG_ENABLE_OBJC_ARC = YES;
				CLANG_WARN_BOOL_CONVERSION = YES;
				CLANG_WARN_CONSTANT_CONVERSION = YES;
				CLANG_WARN_DIRECT_OBJC_ISA_USAGE = YES_ERROR;
				CLANG_WARN_DOCUMENTATION_COMMENTS = YES;
				CLANG_WARN_EMPTY_BODY = YES;
				CLANG_WARN_ENUM_CONVERSION = YES;
				CLANG_WARN_INFINITE_RECURSION = YES;
				CLANG_WARN_INT_CONVERSION = YES;
				CLANG_WARN_OBJC_ROOT_CLASS = YES_ERROR;
				CLANG_WARN_SUSPICIOUS_MOVE = YES;
				CLANG_WARN_UNREACHABLE_CODE = YES;
				CLANG_WARN__DUPLICATE_METHOD_MATCH = YES;
				"CODE_SIGN_IDENTITY[sdk=iphoneos*]" = "iPhone Developer";
				COPY_PHASE_STRIP = NO;
				DEBUG_INFORMATION_FORMAT = dwarf;
				ENABLE_STRICT_OBJC_MSGSEND = YES;
				ENABLE_TESTABILITY = YES;
				GCC_C_LANGUAGE_STANDARD = gnu99;
				GCC_DYNAMIC_NO_PIC = NO;
				GCC_NO_COMMON_BLOCKS = YES;
				GCC_OPTIMIZATION_LEVEL = 0;
				GCC_PREPROCESSOR_DEFINITIONS = (
					"DEBUG=1",
					"$(inherited)",
				);
				GCC_WARN_64_TO_32_BIT_CONVERSION = YES;
				GCC_WARN_ABOUT_RETURN_TYPE = YES_ERROR;
				GCC_WARN_UNDECLARED_SELECTOR = YES;
				GCC_WARN_UNINITIALIZED_AUTOS = YES_AGGRESSIVE;
				GCC_WARN_UNUSED_FUNCTION = YES;
				GCC_WARN_UNUSED_VARIABLE = YES;
				IPHONEOS_DEPLOYMENT_TARGET = 10.3;
				MTL_ENABLE_DEBUG_INFO = YES;
				ONLY_ACTIVE_ARCH = YES;
				SDKROOT = iphoneos;
				SWIFT_ACTIVE_COMPILATION_CONDITIONS = DEBUG;
				SWIFT_OPTIMIZATION_LEVEL = "-Onone";
			};
			name = Debug;
		};
		71AEA1C71F0B2A0B002CD3FC /* Release */ = {
			isa = XCBuildConfiguration;
			buildSettings = {
				ALWAYS_SEARCH_USER_PATHS = NO;
				CLANG_ANALYZER_NONNULL = YES;
				CLANG_ANALYZER_NUMBER_OBJECT_CONVERSION = YES_AGGRESSIVE;
				CLANG_CXX_LANGUAGE_STANDARD = "gnu++0x";
				CLANG_CXX_LIBRARY = "libc++";
				CLANG_ENABLE_MODULES = YES;
				CLANG_ENABLE_OBJC_ARC = YES;
				CLANG_WARN_BOOL_CONVERSION = YES;
				CLANG_WARN_CONSTANT_CONVERSION = YES;
				CLANG_WARN_DIRECT_OBJC_ISA_USAGE = YES_ERROR;
				CLANG_WARN_DOCUMENTATION_COMMENTS = YES;
				CLANG_WARN_EMPTY_BODY = YES;
				CLANG_WARN_ENUM_CONVERSION = YES;
				CLANG_WARN_INFINITE_RECURSION = YES;
				CLANG_WARN_INT_CONVERSION = YES;
				CLANG_WARN_OBJC_ROOT_CLASS = YES_ERROR;
				CLANG_WARN_SUSPICIOUS_MOVE = YES;
				CLANG_WARN_UNREACHABLE_CODE = YES;
				CLANG_WARN__DUPLICATE_METHOD_MATCH = YES;
				"CODE_SIGN_IDENTITY[sdk=iphoneos*]" = "iPhone Developer";
				COPY_PHASE_STRIP = NO;
				DEBUG_INFORMATION_FORMAT = "dwarf-with-dsym";
				ENABLE_NS_ASSERTIONS = NO;
				ENABLE_STRICT_OBJC_MSGSEND = YES;
				GCC_C_LANGUAGE_STANDARD = gnu99;
				GCC_NO_COMMON_BLOCKS = YES;
				GCC_WARN_64_TO_32_BIT_CONVERSION = YES;
				GCC_WARN_ABOUT_RETURN_TYPE = YES_ERROR;
				GCC_WARN_UNDECLARED_SELECTOR = YES;
				GCC_WARN_UNINITIALIZED_AUTOS = YES_AGGRESSIVE;
				GCC_WARN_UNUSED_FUNCTION = YES;
				GCC_WARN_UNUSED_VARIABLE = YES;
				IPHONEOS_DEPLOYMENT_TARGET = 10.3;
				MTL_ENABLE_DEBUG_INFO = NO;
				SDKROOT = iphoneos;
				SWIFT_OPTIMIZATION_LEVEL = "-Owholemodule";
				VALIDATE_PRODUCT = YES;
			};
			name = Release;
		};
		71AEA1C91F0B2A0B002CD3FC /* Debug */ = {
			isa = XCBuildConfiguration;
			baseConfigurationReference = BD6D00501C9F08F7775ECCE4 /* Pods-TLPhotoPickerSample.debug.xcconfig */;
			buildSettings = {
				ASSETCATALOG_COMPILER_APPICON_NAME = AppIcon;
				INFOPLIST_FILE = TLPhotoPickerSample/Info.plist;
				LD_RUNPATH_SEARCH_PATHS = "$(inherited) @executable_path/Frameworks";
				PRODUCT_BUNDLE_IDENTIFIER = CLEE.TLPhotoPickerSample;
				PRODUCT_NAME = "$(TARGET_NAME)";
				SWIFT_VERSION = 3.0;
			};
			name = Debug;
		};
		71AEA1CA1F0B2A0B002CD3FC /* Release */ = {
			isa = XCBuildConfiguration;
			baseConfigurationReference = 1AA46766A3BE3AFAB86A248B /* Pods-TLPhotoPickerSample.release.xcconfig */;
			buildSettings = {
				ASSETCATALOG_COMPILER_APPICON_NAME = AppIcon;
				INFOPLIST_FILE = TLPhotoPickerSample/Info.plist;
				LD_RUNPATH_SEARCH_PATHS = "$(inherited) @executable_path/Frameworks";
				PRODUCT_BUNDLE_IDENTIFIER = CLEE.TLPhotoPickerSample;
				PRODUCT_NAME = "$(TARGET_NAME)";
				SWIFT_VERSION = 3.0;
			};
			name = Release;
		};
/* End XCBuildConfiguration section */

/* Begin XCConfigurationList section */
		71AEA1B11F0B2A0B002CD3FC /* Build configuration list for PBXProject "TLPhotoPickerSample" */ = {
			isa = XCConfigurationList;
			buildConfigurations = (
				71AEA1C61F0B2A0B002CD3FC /* Debug */,
				71AEA1C71F0B2A0B002CD3FC /* Release */,
			);
			defaultConfigurationIsVisible = 0;
			defaultConfigurationName = Release;
		};
		71AEA1C81F0B2A0B002CD3FC /* Build configuration list for PBXNativeTarget "TLPhotoPickerSample" */ = {
			isa = XCConfigurationList;
			buildConfigurations = (
				71AEA1C91F0B2A0B002CD3FC /* Debug */,
				71AEA1CA1F0B2A0B002CD3FC /* Release */,
			);
			defaultConfigurationIsVisible = 0;
		};
/* End XCConfigurationList section */
	};
	rootObject = 71AEA1AE1F0B2A0B002CD3FC /* Project object */;
}
