// !$*UTF8*$!
{
	archiveVersion = 1;
	classes = {
	};
	objectVersion = 46;
	objects = {

/* Begin PBXBuildFile section */
		71AEA1781F09E903002CD3FC /* AppDelegate.swift in Sources */ = {isa = PBXBuildFile; fileRef = 71AEA1771F09E903002CD3FC /* AppDelegate.swift */; };
		71AEA17A1F09E903002CD3FC /* ViewController.swift in Sources */ = {isa = PBXBuildFile; fileRef = 71AEA1791F09E903002CD3FC /* ViewController.swift */; };
		71AEA17D1F09E903002CD3FC /* Main.storyboard in Resources */ = {isa = PBXBuildFile; fileRef = 71AEA17B1F09E903002CD3FC /* Main.storyboard */; };
		71AEA17F1F09E903002CD3FC /* Assets.xcassets in Resources */ = {isa = PBXBuildFile; fileRef = 71AEA17E1F09E903002CD3FC /* Assets.xcassets */; };
		71AEA1821F09E903002CD3FC /* LaunchScreen.storyboard in Resources */ = {isa = PBXBuildFile; fileRef = 71AEA1801F09E903002CD3FC /* LaunchScreen.storyboard */; };
		71AEA18A1F09EC8C002CD3FC /* CustomVIewCellCollectionViewCell.swift in Sources */ = {isa = PBXBuildFile; fileRef = 71AEA1891F09EC8C002CD3FC /* CustomVIewCellCollectionViewCell.swift */; };
		71AEA18C1F09ED29002CD3FC /* DataCenter.swift in Sources */ = {isa = PBXBuildFile; fileRef = 71AEA18B1F09ED29002CD3FC /* DataCenter.swift */; };
		71AEA18E1F09EE39002CD3FC /* CollectionViewController.swift in Sources */ = {isa = PBXBuildFile; fileRef = 71AEA18D1F09EE39002CD3FC /* CollectionViewController.swift */; };
/* End PBXBuildFile section */

/* Begin PBXFileReference section */
		71AEA1741F09E903002CD3FC /* CollectionVIewSample.app */ = {isa = PBXFileReference; explicitFileType = wrapper.application; includeInIndex = 0; path = CollectionVIewSample.app; sourceTree = BUILT_PRODUCTS_DIR; };
		71AEA1771F09E903002CD3FC /* AppDelegate.swift */ = {isa = PBXFileReference; lastKnownFileType = sourcecode.swift; path = AppDelegate.swift; sourceTree = "<group>"; };
		71AEA1791F09E903002CD3FC /* ViewController.swift */ = {isa = PBXFileReference; lastKnownFileType = sourcecode.swift; path = ViewController.swift; sourceTree = "<group>"; };
		71AEA17C1F09E903002CD3FC /* Base */ = {isa = PBXFileReference; lastKnownFileType = file.storyboard; name = Base; path = Base.lproj/Main.storyboard; sourceTree = "<group>"; };
		71AEA17E1F09E903002CD3FC /* Assets.xcassets */ = {isa = PBXFileReference; lastKnownFileType = folder.assetcatalog; path = Assets.xcassets; sourceTree = "<group>"; };
		71AEA1811F09E903002CD3FC /* Base */ = {isa = PBXFileReference; lastKnownFileType = file.storyboard; name = Base; path = Base.lproj/LaunchScreen.storyboard; sourceTree = "<group>"; };
		71AEA1831F09E903002CD3FC /* Info.plist */ = {isa = PBXFileReference; lastKnownFileType = text.plist.xml; path = Info.plist; sourceTree = "<group>"; };
		71AEA1891F09EC8C002CD3FC /* CustomVIewCellCollectionViewCell.swift */ = {isa = PBXFileReference; fileEncoding = 4; lastKnownFileType = sourcecode.swift; path = CustomVIewCellCollectionViewCell.swift; sourceTree = "<group>"; };
		71AEA18B1F09ED29002CD3FC /* DataCenter.swift */ = {isa = PBXFileReference; fileEncoding = 4; lastKnownFileType = sourcecode.swift; path = DataCenter.swift; sourceTree = "<group>"; };
		71AEA18D1F09EE39002CD3FC /* CollectionViewController.swift */ = {isa = PBXFileReference; fileEncoding = 4; lastKnownFileType = sourcecode.swift; path = CollectionViewController.swift; sourceTree = "<group>"; };
/* End PBXFileReference section */

/* Begin PBXFrameworksBuildPhase section */
		71AEA1711F09E903002CD3FC /* Frameworks */ = {
			isa = PBXFrameworksBuildPhase;
			buildActionMask = 2147483647;
			files = (
			);
			runOnlyForDeploymentPostprocessing = 0;
		};
/* End PBXFrameworksBuildPhase section */

/* Begin PBXGroup section */
		71AEA16B1F09E903002CD3FC = {
			isa = PBXGroup;
			children = (
				71AEA1761F09E903002CD3FC /* CollectionVIewSample */,
				71AEA1751F09E903002CD3FC /* Products */,
			);
			sourceTree = "<group>";
		};
		71AEA1751F09E903002CD3FC /* Products */ = {
			isa = PBXGroup;
			children = (
				71AEA1741F09E903002CD3FC /* CollectionVIewSample.app */,
			);
			name = Products;
			sourceTree = "<group>";
		};
		71AEA1761F09E903002CD3FC /* CollectionVIewSample */ = {
			isa = PBXGroup;
			children = (
				71AEA1771F09E903002CD3FC /* AppDelegate.swift */,
				71AEA1791F09E903002CD3FC /* ViewController.swift */,
				71AEA1891F09EC8C002CD3FC /* CustomVIewCellCollectionViewCell.swift */,
				71AEA18D1F09EE39002CD3FC /* CollectionViewController.swift */,
				71AEA18B1F09ED29002CD3FC /* DataCenter.swift */,
				71AEA17B1F09E903002CD3FC /* Main.storyboard */,
				71AEA17E1F09E903002CD3FC /* Assets.xcassets */,
				71AEA1801F09E903002CD3FC /* LaunchScreen.storyboard */,
				71AEA1831F09E903002CD3FC /* Info.plist */,
			);
			path = CollectionVIewSample;
			sourceTree = "<group>";
		};
/* End PBXGroup section */

/* Begin PBXNativeTarget section */
		71AEA1731F09E903002CD3FC /* CollectionVIewSample */ = {
			isa = PBXNativeTarget;
			buildConfigurationList = 71AEA1861F09E903002CD3FC /* Build configuration list for PBXNativeTarget "CollectionVIewSample" */;
			buildPhases = (
				71AEA1701F09E903002CD3FC /* Sources */,
				71AEA1711F09E903002CD3FC /* Frameworks */,
				71AEA1721F09E903002CD3FC /* Resources */,
			);
			buildRules = (
			);
			dependencies = (
			);
			name = CollectionVIewSample;
			productName = CollectionVIewSample;
			productReference = 71AEA1741F09E903002CD3FC /* CollectionVIewSample.app */;
			productType = "com.apple.product-type.application";
		};
/* End PBXNativeTarget section */

/* Begin PBXProject section */
		71AEA16C1F09E903002CD3FC /* Project object */ = {
			isa = PBXProject;
			attributes = {
				LastSwiftUpdateCheck = 0830;
				LastUpgradeCheck = 0830;
				ORGANIZATIONNAME = CLEE;
				TargetAttributes = {
					71AEA1731F09E903002CD3FC = {
						CreatedOnToolsVersion = 8.3.3;
						ProvisioningStyle = Automatic;
					};
				};
			};
			buildConfigurationList = 71AEA16F1F09E903002CD3FC /* Build configuration list for PBXProject "CollectionVIewSample" */;
			compatibilityVersion = "Xcode 3.2";
			developmentRegion = English;
			hasScannedForEncodings = 0;
			knownRegions = (
				en,
				Base,
			);
			mainGroup = 71AEA16B1F09E903002CD3FC;
			productRefGroup = 71AEA1751F09E903002CD3FC /* Products */;
			projectDirPath = "";
			projectRoot = "";
			targets = (
				71AEA1731F09E903002CD3FC /* CollectionVIewSample */,
			);
		};
/* End PBXProject section */

/* Begin PBXResourcesBuildPhase section */
		71AEA1721F09E903002CD3FC /* Resources */ = {
			isa = PBXResourcesBuildPhase;
			buildActionMask = 2147483647;
			files = (
				71AEA1821F09E903002CD3FC /* LaunchScreen.storyboard in Resources */,
				71AEA17F1F09E903002CD3FC /* Assets.xcassets in Resources */,
				71AEA17D1F09E903002CD3FC /* Main.storyboard in Resources */,
			);
			runOnlyForDeploymentPostprocessing = 0;
		};
/* End PBXResourcesBuildPhase section */

/* Begin PBXSourcesBuildPhase section */
		71AEA1701F09E903002CD3FC /* Sources */ = {
			isa = PBXSourcesBuildPhase;
			buildActionMask = 2147483647;
			files = (
				71AEA17A1F09E903002CD3FC /* ViewController.swift in Sources */,
				71AEA1781F09E903002CD3FC /* AppDelegate.swift in Sources */,
				71AEA18C1F09ED29002CD3FC /* DataCenter.swift in Sources */,
				71AEA18A1F09EC8C002CD3FC /* CustomVIewCellCollectionViewCell.swift in Sources */,
				71AEA18E1F09EE39002CD3FC /* CollectionViewController.swift in Sources */,
			);
			runOnlyForDeploymentPostprocessing = 0;
		};
/* End PBXSourcesBuildPhase section */

/* Begin PBXVariantGroup section */
		71AEA17B1F09E903002CD3FC /* Main.storyboard */ = {
			isa = PBXVariantGroup;
			children = (
				71AEA17C1F09E903002CD3FC /* Base */,
			);
			name = Main.storyboard;
			sourceTree = "<group>";
		};
		71AEA1801F09E903002CD3FC /* LaunchScreen.storyboard */ = {
			isa = PBXVariantGroup;
			children = (
				71AEA1811F09E903002CD3FC /* Base */,
			);
			name = LaunchScreen.storyboard;
			sourceTree = "<group>";
		};
/* End PBXVariantGroup section */

/* Begin XCBuildConfiguration section */
		71AEA1841F09E903002CD3FC /* Debug */ = {
			isa = XCBuildConfiguration;
			buildSettings = {
				ALWAYS_SEARCH_USER_PATHS = NO;
				CLANG_ANALYZER_NONNULL = YES;
				CLANG_ANALYZER_NUMBER_OBJECT_CONVERSION = YES_AGGRESSIVE;
				CLANG_CXX_LANGUAGE_STANDARD = "gnu++0x";
				CLANG_CXX_LIBRARY = "libc++";
				CLANG_ENABLE_MODULES = YES;
				CLANG_ENABLE_OBJC_ARC = YES;
				CLANG_WARN_BOOL_CONVERSION = YES;
				CLANG_WARN_CONSTANT_CONVERSION = YES;
				CLANG_WARN_DIRECT_OBJC_ISA_USAGE = YES_ERROR;
				CLANG_WARN_DOCUMENTATION_COMMENTS = YES;
				CLANG_WARN_EMPTY_BODY = YES;
				CLANG_WARN_ENUM_CONVERSION = YES;
				CLANG_WARN_INFINITE_RECURSION = YES;
				CLANG_WARN_INT_CONVERSION = YES;
				CLANG_WARN_OBJC_ROOT_CLASS = YES_ERROR;
				CLANG_WARN_SUSPICIOUS_MOVE = YES;
				CLANG_WARN_UNREACHABLE_CODE = YES;
				CLANG_WARN__DUPLICATE_METHOD_MATCH = YES;
				"CODE_SIGN_IDENTITY[sdk=iphoneos*]" = "iPhone Developer";
				COPY_PHASE_STRIP = NO;
				DEBUG_INFORMATION_FORMAT = dwarf;
				ENABLE_STRICT_OBJC_MSGSEND = YES;
				ENABLE_TESTABILITY = YES;
				GCC_C_LANGUAGE_STANDARD = gnu99;
				GCC_DYNAMIC_NO_PIC = NO;
				GCC_NO_COMMON_BLOCKS = YES;
				GCC_OPTIMIZATION_LEVEL = 0;
				GCC_PREPROCESSOR_DEFINITIONS = (
					"DEBUG=1",
					"$(inherited)",
				);
				GCC_WARN_64_TO_32_BIT_CONVERSION = YES;
				GCC_WARN_ABOUT_RETURN_TYPE = YES_ERROR;
				GCC_WARN_UNDECLARED_SELECTOR = YES;
				GCC_WARN_UNINITIALIZED_AUTOS = YES_AGGRESSIVE;
				GCC_WARN_UNUSED_FUNCTION = YES;
				GCC_WARN_UNUSED_VARIABLE = YES;
				IPHONEOS_DEPLOYMENT_TARGET = 10.3;
				MTL_ENABLE_DEBUG_INFO = YES;
				ONLY_ACTIVE_ARCH = YES;
				SDKROOT = iphoneos;
				SWIFT_ACTIVE_COMPILATION_CONDITIONS = DEBUG;
				SWIFT_OPTIMIZATION_LEVEL = "-Onone";
			};
			name = Debug;
		};
		71AEA1851F09E903002CD3FC /* Release */ = {
			isa = XCBuildConfiguration;
			buildSettings = {
				ALWAYS_SEARCH_USER_PATHS = NO;
				CLANG_ANALYZER_NONNULL = YES;
				CLANG_ANALYZER_NUMBER_OBJECT_CONVERSION = YES_AGGRESSIVE;
				CLANG_CXX_LANGUAGE_STANDARD = "gnu++0x";
				CLANG_CXX_LIBRARY = "libc++";
				CLANG_ENABLE_MODULES = YES;
				CLANG_ENABLE_OBJC_ARC = YES;
				CLANG_WARN_BOOL_CONVERSION = YES;
				CLANG_WARN_CONSTANT_CONVERSION = YES;
				CLANG_WARN_DIRECT_OBJC_ISA_USAGE = YES_ERROR;
				CLANG_WARN_DOCUMENTATION_COMMENTS = YES;
				CLANG_WARN_EMPTY_BODY = YES;
				CLANG_WARN_ENUM_CONVERSION = YES;
				CLANG_WARN_INFINITE_RECURSION = YES;
				CLANG_WARN_INT_CONVERSION = YES;
				CLANG_WARN_OBJC_ROOT_CLASS = YES_ERROR;
				CLANG_WARN_SUSPICIOUS_MOVE = YES;
				CLANG_WARN_UNREACHABLE_CODE = YES;
				CLANG_WARN__DUPLICATE_METHOD_MATCH = YES;
				"CODE_SIGN_IDENTITY[sdk=iphoneos*]" = "iPhone Developer";
				COPY_PHASE_STRIP = NO;
				DEBUG_INFORMATION_FORMAT = "dwarf-with-dsym";
				ENABLE_NS_ASSERTIONS = NO;
				ENABLE_STRICT_OBJC_MSGSEND = YES;
				GCC_C_LANGUAGE_STANDARD = gnu99;
				GCC_NO_COMMON_BLOCKS = YES;
				GCC_WARN_64_TO_32_BIT_CONVERSION = YES;
				GCC_WARN_ABOUT_RETURN_TYPE = YES_ERROR;
				GCC_WARN_UNDECLARED_SELECTOR = YES;
				GCC_WARN_UNINITIALIZED_AUTOS = YES_AGGRESSIVE;
				GCC_WARN_UNUSED_FUNCTION = YES;
				GCC_WARN_UNUSED_VARIABLE = YES;
				IPHONEOS_DEPLOYMENT_TARGET = 10.3;
				MTL_ENABLE_DEBUG_INFO = NO;
				SDKROOT = iphoneos;
				SWIFT_OPTIMIZATION_LEVEL = "-Owholemodule";
				VALIDATE_PRODUCT = YES;
			};
			name = Release;
		};
		71AEA1871F09E903002CD3FC /* Debug */ = {
			isa = XCBuildConfiguration;
			buildSettings = {
				ASSETCATALOG_COMPILER_APPICON_NAME = AppIcon;
				INFOPLIST_FILE = CollectionVIewSample/Info.plist;
				LD_RUNPATH_SEARCH_PATHS = "$(inherited) @executable_path/Frameworks";
				PRODUCT_BUNDLE_IDENTIFIER = CLEE.CollectionVIewSample;
				PRODUCT_NAME = "$(TARGET_NAME)";
				SWIFT_VERSION = 3.0;
			};
			name = Debug;
		};
		71AEA1881F09E903002CD3FC /* Release */ = {
			isa = XCBuildConfiguration;
			buildSettings = {
				ASSETCATALOG_COMPILER_APPICON_NAME = AppIcon;
				INFOPLIST_FILE = CollectionVIewSample/Info.plist;
				LD_RUNPATH_SEARCH_PATHS = "$(inherited) @executable_path/Frameworks";
				PRODUCT_BUNDLE_IDENTIFIER = CLEE.CollectionVIewSample;
				PRODUCT_NAME = "$(TARGET_NAME)";
				SWIFT_VERSION = 3.0;
			};
			name = Release;
		};
/* End XCBuildConfiguration section */

/* Begin XCConfigurationList section */
		71AEA16F1F09E903002CD3FC /* Build configuration list for PBXProject "CollectionVIewSample" */ = {
			isa = XCConfigurationList;
			buildConfigurations = (
				71AEA1841F09E903002CD3FC /* Debug */,
				71AEA1851F09E903002CD3FC /* Release */,
			);
			defaultConfigurationIsVisible = 0;
			defaultConfigurationName = Release;
		};
		71AEA1861F09E903002CD3FC /* Build configuration list for PBXNativeTarget "CollectionVIewSample" */ = {
			isa = XCConfigurationList;
			buildConfigurations = (
				71AEA1871F09E903002CD3FC /* Debug */,
				71AEA1881F09E903002CD3FC /* Release */,
			);
			defaultConfigurationIsVisible = 0;
		};
/* End XCConfigurationList section */
	};
	rootObject = 71AEA16C1F09E903002CD3FC /* Project object */;
}
