// !$*UTF8*$!
{
	archiveVersion = 1;
	classes = {
	};
	objectVersion = 46;
	objects = {

/* Begin PBXBuildFile section */
		712A4ED71EDFDC0600FFD6C2 /* LoginViewController.swift in Sources */ = {isa = PBXBuildFile; fileRef = 712A4ED61EDFDC0600FFD6C2 /* LoginViewController.swift */; };
		712A4EDB1EDFECAB00FFD6C2 /* EDtools.swift in Sources */ = {isa = PBXBuildFile; fileRef = 712A4EDA1EDFECAB00FFD6C2 /* EDtools.swift */; };
		712A4EDD1EE0107000FFD6C2 /* ForgotPWViewController.swift in Sources */ = {isa = PBXBuildFile; fileRef = 712A4EDC1EE0107000FFD6C2 /* ForgotPWViewController.swift */; };
		716E25721EDE53C200D7A4C2 /* AppDelegate.swift in Sources */ = {isa = PBXBuildFile; fileRef = 716E25711EDE53C200D7A4C2 /* AppDelegate.swift */; };
		716E25741EDE53C200D7A4C2 /* ViewController.swift in Sources */ = {isa = PBXBuildFile; fileRef = 716E25731EDE53C200D7A4C2 /* ViewController.swift */; };
		716E25771EDE53C200D7A4C2 /* Main.storyboard in Resources */ = {isa = PBXBuildFile; fileRef = 716E25751EDE53C200D7A4C2 /* Main.storyboard */; };
		716E25791EDE53C200D7A4C2 /* Assets.xcassets in Resources */ = {isa = PBXBuildFile; fileRef = 716E25781EDE53C200D7A4C2 /* Assets.xcassets */; };
		716E257C1EDE53C200D7A4C2 /* LaunchScreen.storyboard in Resources */ = {isa = PBXBuildFile; fileRef = 716E257A1EDE53C200D7A4C2 /* LaunchScreen.storyboard */; };
		716E25841EDE6C7100D7A4C2 /* SignUpViewController.swift in Sources */ = {isa = PBXBuildFile; fileRef = 716E25831EDE6C7100D7A4C2 /* SignUpViewController.swift */; };
		716E25861EDE944000D7A4C2 /* Constants.swift in Sources */ = {isa = PBXBuildFile; fileRef = 716E25851EDE944000D7A4C2 /* Constants.swift */; };
		716E25881EDE96DB00D7A4C2 /* MainViewController.swift in Sources */ = {isa = PBXBuildFile; fileRef = 716E25871EDE96DB00D7A4C2 /* MainViewController.swift */; };
/* End PBXBuildFile section */

/* Begin PBXFileReference section */
		712A4ED61EDFDC0600FFD6C2 /* LoginViewController.swift */ = {isa = PBXFileReference; fileEncoding = 4; lastKnownFileType = sourcecode.swift; path = LoginViewController.swift; sourceTree = "<group>"; };
		712A4EDA1EDFECAB00FFD6C2 /* EDtools.swift */ = {isa = PBXFileReference; fileEncoding = 4; lastKnownFileType = sourcecode.swift; name = EDtools.swift; path = ../EDtools.swift; sourceTree = "<group>"; };
		712A4EDC1EE0107000FFD6C2 /* ForgotPWViewController.swift */ = {isa = PBXFileReference; fileEncoding = 4; lastKnownFileType = sourcecode.swift; path = ForgotPWViewController.swift; sourceTree = "<group>"; };
		716E256E1EDE53C200D7A4C2 /* LoginSignUpPractice.app */ = {isa = PBXFileReference; explicitFileType = wrapper.application; includeInIndex = 0; path = LoginSignUpPractice.app; sourceTree = BUILT_PRODUCTS_DIR; };
		716E25711EDE53C200D7A4C2 /* AppDelegate.swift */ = {isa = PBXFileReference; lastKnownFileType = sourcecode.swift; path = AppDelegate.swift; sourceTree = "<group>"; };
		716E25731EDE53C200D7A4C2 /* ViewController.swift */ = {isa = PBXFileReference; lastKnownFileType = sourcecode.swift; path = ViewController.swift; sourceTree = "<group>"; };
		716E25761EDE53C200D7A4C2 /* Base */ = {isa = PBXFileReference; lastKnownFileType = file.storyboard; name = Base; path = Base.lproj/Main.storyboard; sourceTree = "<group>"; };
		716E25781EDE53C200D7A4C2 /* Assets.xcassets */ = {isa = PBXFileReference; lastKnownFileType = folder.assetcatalog; path = Assets.xcassets; sourceTree = "<group>"; };
		716E257B1EDE53C200D7A4C2 /* Base */ = {isa = PBXFileReference; lastKnownFileType = file.storyboard; name = Base; path = Base.lproj/LaunchScreen.storyboard; sourceTree = "<group>"; };
		716E257D1EDE53C200D7A4C2 /* Info.plist */ = {isa = PBXFileReference; lastKnownFileType = text.plist.xml; path = Info.plist; sourceTree = "<group>"; };
		716E25831EDE6C7100D7A4C2 /* SignUpViewController.swift */ = {isa = PBXFileReference; fileEncoding = 4; lastKnownFileType = sourcecode.swift; name = SignUpViewController.swift; path = ../SignUpViewController.swift; sourceTree = "<group>"; };
		716E25851EDE944000D7A4C2 /* Constants.swift */ = {isa = PBXFileReference; fileEncoding = 4; lastKnownFileType = sourcecode.swift; path = Constants.swift; sourceTree = "<group>"; };
		716E25871EDE96DB00D7A4C2 /* MainViewController.swift */ = {isa = PBXFileReference; fileEncoding = 4; lastKnownFileType = sourcecode.swift; path = MainViewController.swift; sourceTree = "<group>"; };
/* End PBXFileReference section */

/* Begin PBXFrameworksBuildPhase section */
		716E256B1EDE53C200D7A4C2 /* Frameworks */ = {
			isa = PBXFrameworksBuildPhase;
			buildActionMask = 2147483647;
			files = (
			);
			runOnlyForDeploymentPostprocessing = 0;
		};
/* End PBXFrameworksBuildPhase section */

/* Begin PBXGroup section */
		716E25651EDE53C100D7A4C2 = {
			isa = PBXGroup;
			children = (
				716E25701EDE53C200D7A4C2 /* LoginSignUpPractice */,
				716E256F1EDE53C200D7A4C2 /* Products */,
			);
			sourceTree = "<group>";
		};
		716E256F1EDE53C200D7A4C2 /* Products */ = {
			isa = PBXGroup;
			children = (
				716E256E1EDE53C200D7A4C2 /* LoginSignUpPractice.app */,
			);
			name = Products;
			sourceTree = "<group>";
		};
		716E25701EDE53C200D7A4C2 /* LoginSignUpPractice */ = {
			isa = PBXGroup;
			children = (
				716E25711EDE53C200D7A4C2 /* AppDelegate.swift */,
				716E25871EDE96DB00D7A4C2 /* MainViewController.swift */,
				712A4ED61EDFDC0600FFD6C2 /* LoginViewController.swift */,
				712A4EDC1EE0107000FFD6C2 /* ForgotPWViewController.swift */,
				716E25831EDE6C7100D7A4C2 /* SignUpViewController.swift */,
				716E25731EDE53C200D7A4C2 /* ViewController.swift */,
				712A4EDA1EDFECAB00FFD6C2 /* EDtools.swift */,
				716E25851EDE944000D7A4C2 /* Constants.swift */,
				716E25751EDE53C200D7A4C2 /* Main.storyboard */,
				716E25781EDE53C200D7A4C2 /* Assets.xcassets */,
				716E257A1EDE53C200D7A4C2 /* LaunchScreen.storyboard */,
				716E257D1EDE53C200D7A4C2 /* Info.plist */,
			);
			path = LoginSignUpPractice;
			sourceTree = "<group>";
		};
/* End PBXGroup section */

/* Begin PBXNativeTarget section */
		716E256D1EDE53C200D7A4C2 /* LoginSignUpPractice */ = {
			isa = PBXNativeTarget;
			buildConfigurationList = 716E25801EDE53C200D7A4C2 /* Build configuration list for PBXNativeTarget "LoginSignUpPractice" */;
			buildPhases = (
				716E256A1EDE53C200D7A4C2 /* Sources */,
				716E256B1EDE53C200D7A4C2 /* Frameworks */,
				716E256C1EDE53C200D7A4C2 /* Resources */,
			);
			buildRules = (
			);
			dependencies = (
			);
			name = LoginSignUpPractice;
			productName = LoginSignUpPractice;
			productReference = 716E256E1EDE53C200D7A4C2 /* LoginSignUpPractice.app */;
			productType = "com.apple.product-type.application";
		};
/* End PBXNativeTarget section */

/* Begin PBXProject section */
		716E25661EDE53C100D7A4C2 /* Project object */ = {
			isa = PBXProject;
			attributes = {
				LastSwiftUpdateCheck = 0820;
				LastUpgradeCheck = 0820;
				ORGANIZATIONNAME = CLEE;
				TargetAttributes = {
					716E256D1EDE53C200D7A4C2 = {
						CreatedOnToolsVersion = 8.2.1;
						ProvisioningStyle = Automatic;
					};
				};
			};
			buildConfigurationList = 716E25691EDE53C100D7A4C2 /* Build configuration list for PBXProject "LoginSignUpPractice" */;
			compatibilityVersion = "Xcode 3.2";
			developmentRegion = English;
			hasScannedForEncodings = 0;
			knownRegions = (
				en,
				Base,
			);
			mainGroup = 716E25651EDE53C100D7A4C2;
			productRefGroup = 716E256F1EDE53C200D7A4C2 /* Products */;
			projectDirPath = "";
			projectRoot = "";
			targets = (
				716E256D1EDE53C200D7A4C2 /* LoginSignUpPractice */,
			);
		};
/* End PBXProject section */

/* Begin PBXResourcesBuildPhase section */
		716E256C1EDE53C200D7A4C2 /* Resources */ = {
			isa = PBXResourcesBuildPhase;
			buildActionMask = 2147483647;
			files = (
				716E257C1EDE53C200D7A4C2 /* LaunchScreen.storyboard in Resources */,
				716E25791EDE53C200D7A4C2 /* Assets.xcassets in Resources */,
				716E25771EDE53C200D7A4C2 /* Main.storyboard in Resources */,
			);
			runOnlyForDeploymentPostprocessing = 0;
		};
/* End PBXResourcesBuildPhase section */

/* Begin PBXSourcesBuildPhase section */
		716E256A1EDE53C200D7A4C2 /* Sources */ = {
			isa = PBXSourcesBuildPhase;
			buildActionMask = 2147483647;
			files = (
				712A4ED71EDFDC0600FFD6C2 /* LoginViewController.swift in Sources */,
				716E25741EDE53C200D7A4C2 /* ViewController.swift in Sources */,
				716E25841EDE6C7100D7A4C2 /* SignUpViewController.swift in Sources */,
				712A4EDB1EDFECAB00FFD6C2 /* EDtools.swift in Sources */,
				716E25721EDE53C200D7A4C2 /* AppDelegate.swift in Sources */,
				716E25861EDE944000D7A4C2 /* Constants.swift in Sources */,
				712A4EDD1EE0107000FFD6C2 /* ForgotPWViewController.swift in Sources */,
				716E25881EDE96DB00D7A4C2 /* MainViewController.swift in Sources */,
			);
			runOnlyForDeploymentPostprocessing = 0;
		};
/* End PBXSourcesBuildPhase section */

/* Begin PBXVariantGroup section */
		716E25751EDE53C200D7A4C2 /* Main.storyboard */ = {
			isa = PBXVariantGroup;
			children = (
				716E25761EDE53C200D7A4C2 /* Base */,
			);
			name = Main.storyboard;
			sourceTree = "<group>";
		};
		716E257A1EDE53C200D7A4C2 /* LaunchScreen.storyboard */ = {
			isa = PBXVariantGroup;
			children = (
				716E257B1EDE53C200D7A4C2 /* Base */,
			);
			name = LaunchScreen.storyboard;
			sourceTree = "<group>";
		};
/* End PBXVariantGroup section */

/* Begin XCBuildConfiguration section */
		716E257E1EDE53C200D7A4C2 /* Debug */ = {
			isa = XCBuildConfiguration;
			buildSettings = {
				ALWAYS_SEARCH_USER_PATHS = NO;
				CLANG_ANALYZER_NONNULL = YES;
				CLANG_CXX_LANGUAGE_STANDARD = "gnu++0x";
				CLANG_CXX_LIBRARY = "libc++";
				CLANG_ENABLE_MODULES = YES;
				CLANG_ENABLE_OBJC_ARC = YES;
				CLANG_WARN_BOOL_CONVERSION = YES;
				CLANG_WARN_CONSTANT_CONVERSION = YES;
				CLANG_WARN_DIRECT_OBJC_ISA_USAGE = YES_ERROR;
				CLANG_WARN_DOCUMENTATION_COMMENTS = YES;
				CLANG_WARN_EMPTY_BODY = YES;
				CLANG_WARN_ENUM_CONVERSION = YES;
				CLANG_WARN_INFINITE_RECURSION = YES;
				CLANG_WARN_INT_CONVERSION = YES;
				CLANG_WARN_OBJC_ROOT_CLASS = YES_ERROR;
				CLANG_WARN_SUSPICIOUS_MOVE = YES;
				CLANG_WARN_UNREACHABLE_CODE = YES;
				CLANG_WARN__DUPLICATE_METHOD_MATCH = YES;
				"CODE_SIGN_IDENTITY[sdk=iphoneos*]" = "iPhone Developer";
				COPY_PHASE_STRIP = NO;
				DEBUG_INFORMATION_FORMAT = dwarf;
				ENABLE_STRICT_OBJC_MSGSEND = YES;
				ENABLE_TESTABILITY = YES;
				GCC_C_LANGUAGE_STANDARD = gnu99;
				GCC_DYNAMIC_NO_PIC = NO;
				GCC_NO_COMMON_BLOCKS = YES;
				GCC_OPTIMIZATION_LEVEL = 0;
				GCC_PREPROCESSOR_DEFINITIONS = (
					"DEBUG=1",
					"$(inherited)",
				);
				GCC_WARN_64_TO_32_BIT_CONVERSION = YES;
				GCC_WARN_ABOUT_RETURN_TYPE = YES_ERROR;
				GCC_WARN_UNDECLARED_SELECTOR = YES;
				GCC_WARN_UNINITIALIZED_AUTOS = YES_AGGRESSIVE;
				GCC_WARN_UNUSED_FUNCTION = YES;
				GCC_WARN_UNUSED_VARIABLE = YES;
				IPHONEOS_DEPLOYMENT_TARGET = 10.2;
				MTL_ENABLE_DEBUG_INFO = YES;
				ONLY_ACTIVE_ARCH = YES;
				SDKROOT = iphoneos;
				SWIFT_ACTIVE_COMPILATION_CONDITIONS = DEBUG;
				SWIFT_OPTIMIZATION_LEVEL = "-Onone";
			};
			name = Debug;
		};
		716E257F1EDE53C200D7A4C2 /* Release */ = {
			isa = XCBuildConfiguration;
			buildSettings = {
				ALWAYS_SEARCH_USER_PATHS = NO;
				CLANG_ANALYZER_NONNULL = YES;
				CLANG_CXX_LANGUAGE_STANDARD = "gnu++0x";
				CLANG_CXX_LIBRARY = "libc++";
				CLANG_ENABLE_MODULES = YES;
				CLANG_ENABLE_OBJC_ARC = YES;
				CLANG_WARN_BOOL_CONVERSION = YES;
				CLANG_WARN_CONSTANT_CONVERSION = YES;
				CLANG_WARN_DIRECT_OBJC_ISA_USAGE = YES_ERROR;
				CLANG_WARN_DOCUMENTATION_COMMENTS = YES;
				CLANG_WARN_EMPTY_BODY = YES;
				CLANG_WARN_ENUM_CONVERSION = YES;
				CLANG_WARN_INFINITE_RECURSION = YES;
				CLANG_WARN_INT_CONVERSION = YES;
				CLANG_WARN_OBJC_ROOT_CLASS = YES_ERROR;
				CLANG_WARN_SUSPICIOUS_MOVE = YES;
				CLANG_WARN_UNREACHABLE_CODE = YES;
				CLANG_WARN__DUPLICATE_METHOD_MATCH = YES;
				"CODE_SIGN_IDENTITY[sdk=iphoneos*]" = "iPhone Developer";
				COPY_PHASE_STRIP = NO;
				DEBUG_INFORMATION_FORMAT = "dwarf-with-dsym";
				ENABLE_NS_ASSERTIONS = NO;
				ENABLE_STRICT_OBJC_MSGSEND = YES;
				GCC_C_LANGUAGE_STANDARD = gnu99;
				GCC_NO_COMMON_BLOCKS = YES;
				GCC_WARN_64_TO_32_BIT_CONVERSION = YES;
				GCC_WARN_ABOUT_RETURN_TYPE = YES_ERROR;
				GCC_WARN_UNDECLARED_SELECTOR = YES;
				GCC_WARN_UNINITIALIZED_AUTOS = YES_AGGRESSIVE;
				GCC_WARN_UNUSED_FUNCTION = YES;
				GCC_WARN_UNUSED_VARIABLE = YES;
				IPHONEOS_DEPLOYMENT_TARGET = 10.2;
				MTL_ENABLE_DEBUG_INFO = NO;
				SDKROOT = iphoneos;
				SWIFT_OPTIMIZATION_LEVEL = "-Owholemodule";
				VALIDATE_PRODUCT = YES;
			};
			name = Release;
		};
		716E25811EDE53C200D7A4C2 /* Debug */ = {
			isa = XCBuildConfiguration;
			buildSettings = {
				ASSETCATALOG_COMPILER_APPICON_NAME = AppIcon;
				INFOPLIST_FILE = LoginSignUpPractice/Info.plist;
				LD_RUNPATH_SEARCH_PATHS = "$(inherited) @executable_path/Frameworks";
				PRODUCT_BUNDLE_IDENTIFIER = CLEE.LoginSignUpPractice;
				PRODUCT_NAME = "$(TARGET_NAME)";
				SWIFT_VERSION = 3.0;
			};
			name = Debug;
		};
		716E25821EDE53C200D7A4C2 /* Release */ = {
			isa = XCBuildConfiguration;
			buildSettings = {
				ASSETCATALOG_COMPILER_APPICON_NAME = AppIcon;
				INFOPLIST_FILE = LoginSignUpPractice/Info.plist;
				LD_RUNPATH_SEARCH_PATHS = "$(inherited) @executable_path/Frameworks";
				PRODUCT_BUNDLE_IDENTIFIER = CLEE.LoginSignUpPractice;
				PRODUCT_NAME = "$(TARGET_NAME)";
				SWIFT_VERSION = 3.0;
			};
			name = Release;
		};
/* End XCBuildConfiguration section */

/* Begin XCConfigurationList section */
		716E25691EDE53C100D7A4C2 /* Build configuration list for PBXProject "LoginSignUpPractice" */ = {
			isa = XCConfigurationList;
			buildConfigurations = (
				716E257E1EDE53C200D7A4C2 /* Debug */,
				716E257F1EDE53C200D7A4C2 /* Release */,
			);
			defaultConfigurationIsVisible = 0;
			defaultConfigurationName = Release;
		};
		716E25801EDE53C200D7A4C2 /* Build configuration list for PBXNativeTarget "LoginSignUpPractice" */ = {
			isa = XCConfigurationList;
			buildConfigurations = (
				716E25811EDE53C200D7A4C2 /* Debug */,
				716E25821EDE53C200D7A4C2 /* Release */,
			);
			defaultConfigurationIsVisible = 0;
			defaultConfigurationName = Release;
		};
/* End XCConfigurationList section */
	};
	rootObject = 716E25661EDE53C100D7A4C2 /* Project object */;
}
