// !$*UTF8*$!
{
	archiveVersion = 1;
	classes = {
	};
	objectVersion = 46;
	objects = {

/* Begin PBXBuildFile section */
		718A07AB1ECB16F600A87EDF /* AppDelegate.swift in Sources */ = {isa = PBXBuildFile; fileRef = 718A07AA1ECB16F600A87EDF /* AppDelegate.swift */; };
		718A07AD1ECB16F600A87EDF /* ViewController.swift in Sources */ = {isa = PBXBuildFile; fileRef = 718A07AC1ECB16F600A87EDF /* ViewController.swift */; };
		718A07B01ECB16F600A87EDF /* Main.storyboard in Resources */ = {isa = PBXBuildFile; fileRef = 718A07AE1ECB16F600A87EDF /* Main.storyboard */; };
		718A07B21ECB16F600A87EDF /* Assets.xcassets in Resources */ = {isa = PBXBuildFile; fileRef = 718A07B11ECB16F600A87EDF /* Assets.xcassets */; };
		718A07B51ECB16F600A87EDF /* LaunchScreen.storyboard in Resources */ = {isa = PBXBuildFile; fileRef = 718A07B31ECB16F600A87EDF /* LaunchScreen.storyboard */; };
		718A07C01ECB16F600A87EDF /* CollectionLoopPracTests.swift in Sources */ = {isa = PBXBuildFile; fileRef = 718A07BF1ECB16F600A87EDF /* CollectionLoopPracTests.swift */; };
		718A07CB1ECB16F600A87EDF /* CollectionLoopPracUITests.swift in Sources */ = {isa = PBXBuildFile; fileRef = 718A07CA1ECB16F600A87EDF /* CollectionLoopPracUITests.swift */; };
/* End PBXBuildFile section */

/* Begin PBXContainerItemProxy section */
		718A07BC1ECB16F600A87EDF /* PBXContainerItemProxy */ = {
			isa = PBXContainerItemProxy;
			containerPortal = 718A079F1ECB16F600A87EDF /* Project object */;
			proxyType = 1;
			remoteGlobalIDString = 718A07A61ECB16F600A87EDF;
			remoteInfo = CollectionLoopPrac;
		};
		718A07C71ECB16F600A87EDF /* PBXContainerItemProxy */ = {
			isa = PBXContainerItemProxy;
			containerPortal = 718A079F1ECB16F600A87EDF /* Project object */;
			proxyType = 1;
			remoteGlobalIDString = 718A07A61ECB16F600A87EDF;
			remoteInfo = CollectionLoopPrac;
		};
/* End PBXContainerItemProxy section */

/* Begin PBXFileReference section */
		718A07A71ECB16F600A87EDF /* CollectionLoopPrac.app */ = {isa = PBXFileReference; explicitFileType = wrapper.application; includeInIndex = 0; path = CollectionLoopPrac.app; sourceTree = BUILT_PRODUCTS_DIR; };
		718A07AA1ECB16F600A87EDF /* AppDelegate.swift */ = {isa = PBXFileReference; lastKnownFileType = sourcecode.swift; path = AppDelegate.swift; sourceTree = "<group>"; };
		718A07AC1ECB16F600A87EDF /* ViewController.swift */ = {isa = PBXFileReference; lastKnownFileType = sourcecode.swift; path = ViewController.swift; sourceTree = "<group>"; };
		718A07AF1ECB16F600A87EDF /* Base */ = {isa = PBXFileReference; lastKnownFileType = file.storyboard; name = Base; path = Base.lproj/Main.storyboard; sourceTree = "<group>"; };
		718A07B11ECB16F600A87EDF /* Assets.xcassets */ = {isa = PBXFileReference; lastKnownFileType = folder.assetcatalog; path = Assets.xcassets; sourceTree = "<group>"; };
		718A07B41ECB16F600A87EDF /* Base */ = {isa = PBXFileReference; lastKnownFileType = file.storyboard; name = Base; path = Base.lproj/LaunchScreen.storyboard; sourceTree = "<group>"; };
		718A07B61ECB16F600A87EDF /* Info.plist */ = {isa = PBXFileReference; lastKnownFileType = text.plist.xml; path = Info.plist; sourceTree = "<group>"; };
		718A07BB1ECB16F600A87EDF /* CollectionLoopPracTests.xctest */ = {isa = PBXFileReference; explicitFileType = wrapper.cfbundle; includeInIndex = 0; path = CollectionLoopPracTests.xctest; sourceTree = BUILT_PRODUCTS_DIR; };
		718A07BF1ECB16F600A87EDF /* CollectionLoopPracTests.swift */ = {isa = PBXFileReference; lastKnownFileType = sourcecode.swift; path = CollectionLoopPracTests.swift; sourceTree = "<group>"; };
		718A07C11ECB16F600A87EDF /* Info.plist */ = {isa = PBXFileReference; lastKnownFileType = text.plist.xml; path = Info.plist; sourceTree = "<group>"; };
		718A07C61ECB16F600A87EDF /* CollectionLoopPracUITests.xctest */ = {isa = PBXFileReference; explicitFileType = wrapper.cfbundle; includeInIndex = 0; path = CollectionLoopPracUITests.xctest; sourceTree = BUILT_PRODUCTS_DIR; };
		718A07CA1ECB16F600A87EDF /* CollectionLoopPracUITests.swift */ = {isa = PBXFileReference; lastKnownFileType = sourcecode.swift; path = CollectionLoopPracUITests.swift; sourceTree = "<group>"; };
		718A07CC1ECB16F600A87EDF /* Info.plist */ = {isa = PBXFileReference; lastKnownFileType = text.plist.xml; path = Info.plist; sourceTree = "<group>"; };
/* End PBXFileReference section */

/* Begin PBXFrameworksBuildPhase section */
		718A07A41ECB16F600A87EDF /* Frameworks */ = {
			isa = PBXFrameworksBuildPhase;
			buildActionMask = 2147483647;
			files = (
			);
			runOnlyForDeploymentPostprocessing = 0;
		};
		718A07B81ECB16F600A87EDF /* Frameworks */ = {
			isa = PBXFrameworksBuildPhase;
			buildActionMask = 2147483647;
			files = (
			);
			runOnlyForDeploymentPostprocessing = 0;
		};
		718A07C31ECB16F600A87EDF /* Frameworks */ = {
			isa = PBXFrameworksBuildPhase;
			buildActionMask = 2147483647;
			files = (
			);
			runOnlyForDeploymentPostprocessing = 0;
		};
/* End PBXFrameworksBuildPhase section */

/* Begin PBXGroup section */
		718A079E1ECB16F600A87EDF = {
			isa = PBXGroup;
			children = (
				718A07A91ECB16F600A87EDF /* CollectionLoopPrac */,
				718A07BE1ECB16F600A87EDF /* CollectionLoopPracTests */,
				718A07C91ECB16F600A87EDF /* CollectionLoopPracUITests */,
				718A07A81ECB16F600A87EDF /* Products */,
			);
			sourceTree = "<group>";
		};
		718A07A81ECB16F600A87EDF /* Products */ = {
			isa = PBXGroup;
			children = (
				718A07A71ECB16F600A87EDF /* CollectionLoopPrac.app */,
				718A07BB1ECB16F600A87EDF /* CollectionLoopPracTests.xctest */,
				718A07C61ECB16F600A87EDF /* CollectionLoopPracUITests.xctest */,
			);
			name = Products;
			sourceTree = "<group>";
		};
		718A07A91ECB16F600A87EDF /* CollectionLoopPrac */ = {
			isa = PBXGroup;
			children = (
				718A07AA1ECB16F600A87EDF /* AppDelegate.swift */,
				718A07AC1ECB16F600A87EDF /* ViewController.swift */,
				718A07AE1ECB16F600A87EDF /* Main.storyboard */,
				718A07B11ECB16F600A87EDF /* Assets.xcassets */,
				718A07B31ECB16F600A87EDF /* LaunchScreen.storyboard */,
				718A07B61ECB16F600A87EDF /* Info.plist */,
			);
			path = CollectionLoopPrac;
			sourceTree = "<group>";
		};
		718A07BE1ECB16F600A87EDF /* CollectionLoopPracTests */ = {
			isa = PBXGroup;
			children = (
				718A07BF1ECB16F600A87EDF /* CollectionLoopPracTests.swift */,
				718A07C11ECB16F600A87EDF /* Info.plist */,
			);
			path = CollectionLoopPracTests;
			sourceTree = "<group>";
		};
		718A07C91ECB16F600A87EDF /* CollectionLoopPracUITests */ = {
			isa = PBXGroup;
			children = (
				718A07CA1ECB16F600A87EDF /* CollectionLoopPracUITests.swift */,
				718A07CC1ECB16F600A87EDF /* Info.plist */,
			);
			path = CollectionLoopPracUITests;
			sourceTree = "<group>";
		};
/* End PBXGroup section */

/* Begin PBXNativeTarget section */
		718A07A61ECB16F600A87EDF /* CollectionLoopPrac */ = {
			isa = PBXNativeTarget;
			buildConfigurationList = 718A07CF1ECB16F600A87EDF /* Build configuration list for PBXNativeTarget "CollectionLoopPrac" */;
			buildPhases = (
				718A07A31ECB16F600A87EDF /* Sources */,
				718A07A41ECB16F600A87EDF /* Frameworks */,
				718A07A51ECB16F600A87EDF /* Resources */,
			);
			buildRules = (
			);
			dependencies = (
			);
			name = CollectionLoopPrac;
			productName = CollectionLoopPrac;
			productReference = 718A07A71ECB16F600A87EDF /* CollectionLoopPrac.app */;
			productType = "com.apple.product-type.application";
		};
		718A07BA1ECB16F600A87EDF /* CollectionLoopPracTests */ = {
			isa = PBXNativeTarget;
			buildConfigurationList = 718A07D21ECB16F600A87EDF /* Build configuration list for PBXNativeTarget "CollectionLoopPracTests" */;
			buildPhases = (
				718A07B71ECB16F600A87EDF /* Sources */,
				718A07B81ECB16F600A87EDF /* Frameworks */,
				718A07B91ECB16F600A87EDF /* Resources */,
			);
			buildRules = (
			);
			dependencies = (
				718A07BD1ECB16F600A87EDF /* PBXTargetDependency */,
			);
			name = CollectionLoopPracTests;
			productName = CollectionLoopPracTests;
			productReference = 718A07BB1ECB16F600A87EDF /* CollectionLoopPracTests.xctest */;
			productType = "com.apple.product-type.bundle.unit-test";
		};
		718A07C51ECB16F600A87EDF /* CollectionLoopPracUITests */ = {
			isa = PBXNativeTarget;
			buildConfigurationList = 718A07D51ECB16F600A87EDF /* Build configuration list for PBXNativeTarget "CollectionLoopPracUITests" */;
			buildPhases = (
				718A07C21ECB16F600A87EDF /* Sources */,
				718A07C31ECB16F600A87EDF /* Frameworks */,
				718A07C41ECB16F600A87EDF /* Resources */,
			);
			buildRules = (
			);
			dependencies = (
				718A07C81ECB16F600A87EDF /* PBXTargetDependency */,
			);
			name = CollectionLoopPracUITests;
			productName = CollectionLoopPracUITests;
			productReference = 718A07C61ECB16F600A87EDF /* CollectionLoopPracUITests.xctest */;
			productType = "com.apple.product-type.bundle.ui-testing";
		};
/* End PBXNativeTarget section */

/* Begin PBXProject section */
		718A079F1ECB16F600A87EDF /* Project object */ = {
			isa = PBXProject;
			attributes = {
				LastSwiftUpdateCheck = 0820;
				LastUpgradeCheck = 0820;
				ORGANIZATIONNAME = CLEE;
				TargetAttributes = {
					718A07A61ECB16F600A87EDF = {
						CreatedOnToolsVersion = 8.2.1;
						ProvisioningStyle = Automatic;
					};
					718A07BA1ECB16F600A87EDF = {
						CreatedOnToolsVersion = 8.2.1;
						ProvisioningStyle = Automatic;
						TestTargetID = 718A07A61ECB16F600A87EDF;
					};
					718A07C51ECB16F600A87EDF = {
						CreatedOnToolsVersion = 8.2.1;
						ProvisioningStyle = Automatic;
						TestTargetID = 718A07A61ECB16F600A87EDF;
					};
				};
			};
			buildConfigurationList = 718A07A21ECB16F600A87EDF /* Build configuration list for PBXProject "CollectionLoopPrac" */;
			compatibilityVersion = "Xcode 3.2";
			developmentRegion = English;
			hasScannedForEncodings = 0;
			knownRegions = (
				en,
				Base,
			);
			mainGroup = 718A079E1ECB16F600A87EDF;
			productRefGroup = 718A07A81ECB16F600A87EDF /* Products */;
			projectDirPath = "";
			projectRoot = "";
			targets = (
				718A07A61ECB16F600A87EDF /* CollectionLoopPrac */,
				718A07BA1ECB16F600A87EDF /* CollectionLoopPracTests */,
				718A07C51ECB16F600A87EDF /* CollectionLoopPracUITests */,
			);
		};
/* End PBXProject section */

/* Begin PBXResourcesBuildPhase section */
		718A07A51ECB16F600A87EDF /* Resources */ = {
			isa = PBXResourcesBuildPhase;
			buildActionMask = 2147483647;
			files = (
				718A07B51ECB16F600A87EDF /* LaunchScreen.storyboard in Resources */,
				718A07B21ECB16F600A87EDF /* Assets.xcassets in Resources */,
				718A07B01ECB16F600A87EDF /* Main.storyboard in Resources */,
			);
			runOnlyForDeploymentPostprocessing = 0;
		};
		718A07B91ECB16F600A87EDF /* Resources */ = {
			isa = PBXResourcesBuildPhase;
			buildActionMask = 2147483647;
			files = (
			);
			runOnlyForDeploymentPostprocessing = 0;
		};
		718A07C41ECB16F600A87EDF /* Resources */ = {
			isa = PBXResourcesBuildPhase;
			buildActionMask = 2147483647;
			files = (
			);
			runOnlyForDeploymentPostprocessing = 0;
		};
/* End PBXResourcesBuildPhase section */

/* Begin PBXSourcesBuildPhase section */
		718A07A31ECB16F600A87EDF /* Sources */ = {
			isa = PBXSourcesBuildPhase;
			buildActionMask = 2147483647;
			files = (
				718A07AD1ECB16F600A87EDF /* ViewController.swift in Sources */,
				718A07AB1ECB16F600A87EDF /* AppDelegate.swift in Sources */,
			);
			runOnlyForDeploymentPostprocessing = 0;
		};
		718A07B71ECB16F600A87EDF /* Sources */ = {
			isa = PBXSourcesBuildPhase;
			buildActionMask = 2147483647;
			files = (
				718A07C01ECB16F600A87EDF /* CollectionLoopPracTests.swift in Sources */,
			);
			runOnlyForDeploymentPostprocessing = 0;
		};
		718A07C21ECB16F600A87EDF /* Sources */ = {
			isa = PBXSourcesBuildPhase;
			buildActionMask = 2147483647;
			files = (
				718A07CB1ECB16F600A87EDF /* CollectionLoopPracUITests.swift in Sources */,
			);
			runOnlyForDeploymentPostprocessing = 0;
		};
/* End PBXSourcesBuildPhase section */

/* Begin PBXTargetDependency section */
		718A07BD1ECB16F600A87EDF /* PBXTargetDependency */ = {
			isa = PBXTargetDependency;
			target = 718A07A61ECB16F600A87EDF /* CollectionLoopPrac */;
			targetProxy = 718A07BC1ECB16F600A87EDF /* PBXContainerItemProxy */;
		};
		718A07C81ECB16F600A87EDF /* PBXTargetDependency */ = {
			isa = PBXTargetDependency;
			target = 718A07A61ECB16F600A87EDF /* CollectionLoopPrac */;
			targetProxy = 718A07C71ECB16F600A87EDF /* PBXContainerItemProxy */;
		};
/* End PBXTargetDependency section */

/* Begin PBXVariantGroup section */
		718A07AE1ECB16F600A87EDF /* Main.storyboard */ = {
			isa = PBXVariantGroup;
			children = (
				718A07AF1ECB16F600A87EDF /* Base */,
			);
			name = Main.storyboard;
			sourceTree = "<group>";
		};
		718A07B31ECB16F600A87EDF /* LaunchScreen.storyboard */ = {
			isa = PBXVariantGroup;
			children = (
				718A07B41ECB16F600A87EDF /* Base */,
			);
			name = LaunchScreen.storyboard;
			sourceTree = "<group>";
		};
/* End PBXVariantGroup section */

/* Begin XCBuildConfiguration section */
		718A07CD1ECB16F600A87EDF /* Debug */ = {
			isa = XCBuildConfiguration;
			buildSettings = {
				ALWAYS_SEARCH_USER_PATHS = NO;
				CLANG_ANALYZER_NONNULL = YES;
				CLANG_CXX_LANGUAGE_STANDARD = "gnu++0x";
				CLANG_CXX_LIBRARY = "libc++";
				CLANG_ENABLE_MODULES = YES;
				CLANG_ENABLE_OBJC_ARC = YES;
				CLANG_WARN_BOOL_CONVERSION = YES;
				CLANG_WARN_CONSTANT_CONVERSION = YES;
				CLANG_WARN_DIRECT_OBJC_ISA_USAGE = YES_ERROR;
				CLANG_WARN_DOCUMENTATION_COMMENTS = YES;
				CLANG_WARN_EMPTY_BODY = YES;
				CLANG_WARN_ENUM_CONVERSION = YES;
				CLANG_WARN_INFINITE_RECURSION = YES;
				CLANG_WARN_INT_CONVERSION = YES;
				CLANG_WARN_OBJC_ROOT_CLASS = YES_ERROR;
				CLANG_WARN_SUSPICIOUS_MOVE = YES;
				CLANG_WARN_UNREACHABLE_CODE = YES;
				CLANG_WARN__DUPLICATE_METHOD_MATCH = YES;
				"CODE_SIGN_IDENTITY[sdk=iphoneos*]" = "iPhone Developer";
				COPY_PHASE_STRIP = NO;
				DEBUG_INFORMATION_FORMAT = dwarf;
				ENABLE_STRICT_OBJC_MSGSEND = YES;
				ENABLE_TESTABILITY = YES;
				GCC_C_LANGUAGE_STANDARD = gnu99;
				GCC_DYNAMIC_NO_PIC = NO;
				GCC_NO_COMMON_BLOCKS = YES;
				GCC_OPTIMIZATION_LEVEL = 0;
				GCC_PREPROCESSOR_DEFINITIONS = (
					"DEBUG=1",
					"$(inherited)",
				);
				GCC_WARN_64_TO_32_BIT_CONVERSION = YES;
				GCC_WARN_ABOUT_RETURN_TYPE = YES_ERROR;
				GCC_WARN_UNDECLARED_SELECTOR = YES;
				GCC_WARN_UNINITIALIZED_AUTOS = YES_AGGRESSIVE;
				GCC_WARN_UNUSED_FUNCTION = YES;
				GCC_WARN_UNUSED_VARIABLE = YES;
				IPHONEOS_DEPLOYMENT_TARGET = 10.2;
				MTL_ENABLE_DEBUG_INFO = YES;
				ONLY_ACTIVE_ARCH = YES;
				SDKROOT = iphoneos;
				SWIFT_ACTIVE_COMPILATION_CONDITIONS = DEBUG;
				SWIFT_OPTIMIZATION_LEVEL = "-Onone";
			};
			name = Debug;
		};
		718A07CE1ECB16F600A87EDF /* Release */ = {
			isa = XCBuildConfiguration;
			buildSettings = {
				ALWAYS_SEARCH_USER_PATHS = NO;
				CLANG_ANALYZER_NONNULL = YES;
				CLANG_CXX_LANGUAGE_STANDARD = "gnu++0x";
				CLANG_CXX_LIBRARY = "libc++";
				CLANG_ENABLE_MODULES = YES;
				CLANG_ENABLE_OBJC_ARC = YES;
				CLANG_WARN_BOOL_CONVERSION = YES;
				CLANG_WARN_CONSTANT_CONVERSION = YES;
				CLANG_WARN_DIRECT_OBJC_ISA_USAGE = YES_ERROR;
				CLANG_WARN_DOCUMENTATION_COMMENTS = YES;
				CLANG_WARN_EMPTY_BODY = YES;
				CLANG_WARN_ENUM_CONVERSION = YES;
				CLANG_WARN_INFINITE_RECURSION = YES;
				CLANG_WARN_INT_CONVERSION = YES;
				CLANG_WARN_OBJC_ROOT_CLASS = YES_ERROR;
				CLANG_WARN_SUSPICIOUS_MOVE = YES;
				CLANG_WARN_UNREACHABLE_CODE = YES;
				CLANG_WARN__DUPLICATE_METHOD_MATCH = YES;
				"CODE_SIGN_IDENTITY[sdk=iphoneos*]" = "iPhone Developer";
				COPY_PHASE_STRIP = NO;
				DEBUG_INFORMATION_FORMAT = "dwarf-with-dsym";
				ENABLE_NS_ASSERTIONS = NO;
				ENABLE_STRICT_OBJC_MSGSEND = YES;
				GCC_C_LANGUAGE_STANDARD = gnu99;
				GCC_NO_COMMON_BLOCKS = YES;
				GCC_WARN_64_TO_32_BIT_CONVERSION = YES;
				GCC_WARN_ABOUT_RETURN_TYPE = YES_ERROR;
				GCC_WARN_UNDECLARED_SELECTOR = YES;
				GCC_WARN_UNINITIALIZED_AUTOS = YES_AGGRESSIVE;
				GCC_WARN_UNUSED_FUNCTION = YES;
				GCC_WARN_UNUSED_VARIABLE = YES;
				IPHONEOS_DEPLOYMENT_TARGET = 10.2;
				MTL_ENABLE_DEBUG_INFO = NO;
				SDKROOT = iphoneos;
				SWIFT_OPTIMIZATION_LEVEL = "-Owholemodule";
				VALIDATE_PRODUCT = YES;
			};
			name = Release;
		};
		718A07D01ECB16F600A87EDF /* Debug */ = {
			isa = XCBuildConfiguration;
			buildSettings = {
				ASSETCATALOG_COMPILER_APPICON_NAME = AppIcon;
				INFOPLIST_FILE = CollectionLoopPrac/Info.plist;
				LD_RUNPATH_SEARCH_PATHS = "$(inherited) @executable_path/Frameworks";
				PRODUCT_BUNDLE_IDENTIFIER = CLEE.CollectionLoopPrac;
				PRODUCT_NAME = "$(TARGET_NAME)";
				SWIFT_VERSION = 3.0;
			};
			name = Debug;
		};
		718A07D11ECB16F600A87EDF /* Release */ = {
			isa = XCBuildConfiguration;
			buildSettings = {
				ASSETCATALOG_COMPILER_APPICON_NAME = AppIcon;
				INFOPLIST_FILE = CollectionLoopPrac/Info.plist;
				LD_RUNPATH_SEARCH_PATHS = "$(inherited) @executable_path/Frameworks";
				PRODUCT_BUNDLE_IDENTIFIER = CLEE.CollectionLoopPrac;
				PRODUCT_NAME = "$(TARGET_NAME)";
				SWIFT_VERSION = 3.0;
			};
			name = Release;
		};
		718A07D31ECB16F600A87EDF /* Debug */ = {
			isa = XCBuildConfiguration;
			buildSettings = {
				ALWAYS_EMBED_SWIFT_STANDARD_LIBRARIES = YES;
				BUNDLE_LOADER = "$(TEST_HOST)";
				INFOPLIST_FILE = CollectionLoopPracTests/Info.plist;
				LD_RUNPATH_SEARCH_PATHS = "$(inherited) @executable_path/Frameworks @loader_path/Frameworks";
				PRODUCT_BUNDLE_IDENTIFIER = CLEE.CollectionLoopPracTests;
				PRODUCT_NAME = "$(TARGET_NAME)";
				SWIFT_VERSION = 3.0;
				TEST_HOST = "$(BUILT_PRODUCTS_DIR)/CollectionLoopPrac.app/CollectionLoopPrac";
			};
			name = Debug;
		};
		718A07D41ECB16F600A87EDF /* Release */ = {
			isa = XCBuildConfiguration;
			buildSettings = {
				ALWAYS_EMBED_SWIFT_STANDARD_LIBRARIES = YES;
				BUNDLE_LOADER = "$(TEST_HOST)";
				INFOPLIST_FILE = CollectionLoopPracTests/Info.plist;
				LD_RUNPATH_SEARCH_PATHS = "$(inherited) @executable_path/Frameworks @loader_path/Frameworks";
				PRODUCT_BUNDLE_IDENTIFIER = CLEE.CollectionLoopPracTests;
				PRODUCT_NAME = "$(TARGET_NAME)";
				SWIFT_VERSION = 3.0;
				TEST_HOST = "$(BUILT_PRODUCTS_DIR)/CollectionLoopPrac.app/CollectionLoopPrac";
			};
			name = Release;
		};
		718A07D61ECB16F600A87EDF /* Debug */ = {
			isa = XCBuildConfiguration;
			buildSettings = {
				ALWAYS_EMBED_SWIFT_STANDARD_LIBRARIES = YES;
				INFOPLIST_FILE = CollectionLoopPracUITests/Info.plist;
				LD_RUNPATH_SEARCH_PATHS = "$(inherited) @executable_path/Frameworks @loader_path/Frameworks";
				PRODUCT_BUNDLE_IDENTIFIER = CLEE.CollectionLoopPracUITests;
				PRODUCT_NAME = "$(TARGET_NAME)";
				SWIFT_VERSION = 3.0;
				TEST_TARGET_NAME = CollectionLoopPrac;
			};
			name = Debug;
		};
		718A07D71ECB16F600A87EDF /* Release */ = {
			isa = XCBuildConfiguration;
			buildSettings = {
				ALWAYS_EMBED_SWIFT_STANDARD_LIBRARIES = YES;
				INFOPLIST_FILE = CollectionLoopPracUITests/Info.plist;
				LD_RUNPATH_SEARCH_PATHS = "$(inherited) @executable_path/Frameworks @loader_path/Frameworks";
				PRODUCT_BUNDLE_IDENTIFIER = CLEE.CollectionLoopPracUITests;
				PRODUCT_NAME = "$(TARGET_NAME)";
				SWIFT_VERSION = 3.0;
				TEST_TARGET_NAME = CollectionLoopPrac;
			};
			name = Release;
		};
/* End XCBuildConfiguration section */

/* Begin XCConfigurationList section */
		718A07A21ECB16F600A87EDF /* Build configuration list for PBXProject "CollectionLoopPrac" */ = {
			isa = XCConfigurationList;
			buildConfigurations = (
				718A07CD1ECB16F600A87EDF /* Debug */,
				718A07CE1ECB16F600A87EDF /* Release */,
			);
			defaultConfigurationIsVisible = 0;
			defaultConfigurationName = Release;
		};
		718A07CF1ECB16F600A87EDF /* Build configuration list for PBXNativeTarget "CollectionLoopPrac" */ = {
			isa = XCConfigurationList;
			buildConfigurations = (
				718A07D01ECB16F600A87EDF /* Debug */,
				718A07D11ECB16F600A87EDF /* Release */,
			);
			defaultConfigurationIsVisible = 0;
		};
		718A07D21ECB16F600A87EDF /* Build configuration list for PBXNativeTarget "CollectionLoopPracTests" */ = {
			isa = XCConfigurationList;
			buildConfigurations = (
				718A07D31ECB16F600A87EDF /* Debug */,
				718A07D41ECB16F600A87EDF /* Release */,
			);
			defaultConfigurationIsVisible = 0;
		};
		718A07D51ECB16F600A87EDF /* Build configuration list for PBXNativeTarget "CollectionLoopPracUITests" */ = {
			isa = XCConfigurationList;
			buildConfigurations = (
				718A07D61ECB16F600A87EDF /* Debug */,
				718A07D71ECB16F600A87EDF /* Release */,
			);
			defaultConfigurationIsVisible = 0;
		};
/* End XCConfigurationList section */
	};
	rootObject = 718A079F1ECB16F600A87EDF /* Project object */;
}
