// !$*UTF8*$!
{
	archiveVersion = 1;
	classes = {
	};
	objectVersion = 46;
	objects = {

/* Begin PBXBuildFile section */
		4C0E1FBE1EE95513006B5F4D /* AppDelegate.swift in Sources */ = {isa = PBXBuildFile; fileRef = 4C0E1FBD1EE95513006B5F4D /* AppDelegate.swift */; };
		4C0E1FC31EE95513006B5F4D /* Main.storyboard in Resources */ = {isa = PBXBuildFile; fileRef = 4C0E1FC11EE95513006B5F4D /* Main.storyboard */; };
		4C0E1FC51EE95513006B5F4D /* Assets.xcassets in Resources */ = {isa = PBXBuildFile; fileRef = 4C0E1FC41EE95513006B5F4D /* Assets.xcassets */; };
		4C0E1FC81EE95513006B5F4D /* LaunchScreen.storyboard in Resources */ = {isa = PBXBuildFile; fileRef = 4C0E1FC61EE95513006B5F4D /* LaunchScreen.storyboard */; };
		4C0E1FD01EE95538006B5F4D /* ListViewController.swift in Sources */ = {isa = PBXBuildFile; fileRef = 4C0E1FCF1EE95538006B5F4D /* ListViewController.swift */; };
		71F4E3561EEA3FD1001EC2B4 /* ItemViewController.swift in Sources */ = {isa = PBXBuildFile; fileRef = 71F4E3551EEA3FD1001EC2B4 /* ItemViewController.swift */; };
/* End PBXBuildFile section */

/* Begin PBXFileReference section */
		4C0E1FBA1EE95513006B5F4D /* MemoPairPrograming.app */ = {isa = PBXFileReference; explicitFileType = wrapper.application; includeInIndex = 0; path = MemoPairPrograming.app; sourceTree = BUILT_PRODUCTS_DIR; };
		4C0E1FBD1EE95513006B5F4D /* AppDelegate.swift */ = {isa = PBXFileReference; lastKnownFileType = sourcecode.swift; path = AppDelegate.swift; sourceTree = "<group>"; };
		4C0E1FC21EE95513006B5F4D /* Base */ = {isa = PBXFileReference; lastKnownFileType = file.storyboard; name = Base; path = Base.lproj/Main.storyboard; sourceTree = "<group>"; };
		4C0E1FC41EE95513006B5F4D /* Assets.xcassets */ = {isa = PBXFileReference; lastKnownFileType = folder.assetcatalog; path = Assets.xcassets; sourceTree = "<group>"; };
		4C0E1FC71EE95513006B5F4D /* Base */ = {isa = PBXFileReference; lastKnownFileType = file.storyboard; name = Base; path = Base.lproj/LaunchScreen.storyboard; sourceTree = "<group>"; };
		4C0E1FC91EE95513006B5F4D /* Info.plist */ = {isa = PBXFileReference; lastKnownFileType = text.plist.xml; path = Info.plist; sourceTree = "<group>"; };
		4C0E1FCF1EE95538006B5F4D /* ListViewController.swift */ = {isa = PBXFileReference; fileEncoding = 4; lastKnownFileType = sourcecode.swift; path = ListViewController.swift; sourceTree = "<group>"; };
		71F4E3551EEA3FD1001EC2B4 /* ItemViewController.swift */ = {isa = PBXFileReference; fileEncoding = 4; lastKnownFileType = sourcecode.swift; path = ItemViewController.swift; sourceTree = "<group>"; };
/* End PBXFileReference section */

/* Begin PBXFrameworksBuildPhase section */
		4C0E1FB71EE95513006B5F4D /* Frameworks */ = {
			isa = PBXFrameworksBuildPhase;
			buildActionMask = 2147483647;
			files = (
			);
			runOnlyForDeploymentPostprocessing = 0;
		};
/* End PBXFrameworksBuildPhase section */

/* Begin PBXGroup section */
		4C0E1FB11EE95513006B5F4D = {
			isa = PBXGroup;
			children = (
				4C0E1FBC1EE95513006B5F4D /* MemoPairPrograming */,
				4C0E1FBB1EE95513006B5F4D /* Products */,
			);
			sourceTree = "<group>";
		};
		4C0E1FBB1EE95513006B5F4D /* Products */ = {
			isa = PBXGroup;
			children = (
				4C0E1FBA1EE95513006B5F4D /* MemoPairPrograming.app */,
			);
			name = Products;
			sourceTree = "<group>";
		};
		4C0E1FBC1EE95513006B5F4D /* MemoPairPrograming */ = {
			isa = PBXGroup;
			children = (
				4C0E1FBD1EE95513006B5F4D /* AppDelegate.swift */,
				4C0E1FCF1EE95538006B5F4D /* ListViewController.swift */,
				71F4E3551EEA3FD1001EC2B4 /* ItemViewController.swift */,
				4C0E1FC11EE95513006B5F4D /* Main.storyboard */,
				4C0E1FC41EE95513006B5F4D /* Assets.xcassets */,
				4C0E1FC61EE95513006B5F4D /* LaunchScreen.storyboard */,
				4C0E1FC91EE95513006B5F4D /* Info.plist */,
			);
			path = MemoPairPrograming;
			sourceTree = "<group>";
		};
/* End PBXGroup section */

/* Begin PBXNativeTarget section */
		4C0E1FB91EE95513006B5F4D /* MemoPairPrograming */ = {
			isa = PBXNativeTarget;
			buildConfigurationList = 4C0E1FCC1EE95513006B5F4D /* Build configuration list for PBXNativeTarget "MemoPairPrograming" */;
			buildPhases = (
				4C0E1FB61EE95513006B5F4D /* Sources */,
				4C0E1FB71EE95513006B5F4D /* Frameworks */,
				4C0E1FB81EE95513006B5F4D /* Resources */,
			);
			buildRules = (
			);
			dependencies = (
			);
			name = MemoPairPrograming;
			productName = MemoPairPrograming;
			productReference = 4C0E1FBA1EE95513006B5F4D /* MemoPairPrograming.app */;
			productType = "com.apple.product-type.application";
		};
/* End PBXNativeTarget section */

/* Begin PBXProject section */
		4C0E1FB21EE95513006B5F4D /* Project object */ = {
			isa = PBXProject;
			attributes = {
				LastSwiftUpdateCheck = 0830;
				LastUpgradeCheck = 0830;
				ORGANIZATIONNAME = HwangGisu;
				TargetAttributes = {
					4C0E1FB91EE95513006B5F4D = {
						CreatedOnToolsVersion = 8.3.2;
						ProvisioningStyle = Automatic;
					};
				};
			};
			buildConfigurationList = 4C0E1FB51EE95513006B5F4D /* Build configuration list for PBXProject "MemoPairPrograming" */;
			compatibilityVersion = "Xcode 3.2";
			developmentRegion = English;
			hasScannedForEncodings = 0;
			knownRegions = (
				en,
				Base,
			);
			mainGroup = 4C0E1FB11EE95513006B5F4D;
			productRefGroup = 4C0E1FBB1EE95513006B5F4D /* Products */;
			projectDirPath = "";
			projectRoot = "";
			targets = (
				4C0E1FB91EE95513006B5F4D /* MemoPairPrograming */,
			);
		};
/* End PBXProject section */

/* Begin PBXResourcesBuildPhase section */
		4C0E1FB81EE95513006B5F4D /* Resources */ = {
			isa = PBXResourcesBuildPhase;
			buildActionMask = 2147483647;
			files = (
				4C0E1FC81EE95513006B5F4D /* LaunchScreen.storyboard in Resources */,
				4C0E1FC51EE95513006B5F4D /* Assets.xcassets in Resources */,
				4C0E1FC31EE95513006B5F4D /* Main.storyboard in Resources */,
			);
			runOnlyForDeploymentPostprocessing = 0;
		};
/* End PBXResourcesBuildPhase section */

/* Begin PBXSourcesBuildPhase section */
		4C0E1FB61EE95513006B5F4D /* Sources */ = {
			isa = PBXSourcesBuildPhase;
			buildActionMask = 2147483647;
			files = (
				4C0E1FBE1EE95513006B5F4D /* AppDelegate.swift in Sources */,
				4C0E1FD01EE95538006B5F4D /* ListViewController.swift in Sources */,
				71F4E3561EEA3FD1001EC2B4 /* ItemViewController.swift in Sources */,
			);
			runOnlyForDeploymentPostprocessing = 0;
		};
/* End PBXSourcesBuildPhase section */

/* Begin PBXVariantGroup section */
		4C0E1FC11EE95513006B5F4D /* Main.storyboard */ = {
			isa = PBXVariantGroup;
			children = (
				4C0E1FC21EE95513006B5F4D /* Base */,
			);
			name = Main.storyboard;
			sourceTree = "<group>";
		};
		4C0E1FC61EE95513006B5F4D /* LaunchScreen.storyboard */ = {
			isa = PBXVariantGroup;
			children = (
				4C0E1FC71EE95513006B5F4D /* Base */,
			);
			name = LaunchScreen.storyboard;
			sourceTree = "<group>";
		};
/* End PBXVariantGroup section */

/* Begin XCBuildConfiguration section */
		4C0E1FCA1EE95513006B5F4D /* Debug */ = {
			isa = XCBuildConfiguration;
			buildSettings = {
				ALWAYS_SEARCH_USER_PATHS = NO;
				CLANG_ANALYZER_NONNULL = YES;
				CLANG_ANALYZER_NUMBER_OBJECT_CONVERSION = YES_AGGRESSIVE;
				CLANG_CXX_LANGUAGE_STANDARD = "gnu++0x";
				CLANG_CXX_LIBRARY = "libc++";
				CLANG_ENABLE_MODULES = YES;
				CLANG_ENABLE_OBJC_ARC = YES;
				CLANG_WARN_BOOL_CONVERSION = YES;
				CLANG_WARN_CONSTANT_CONVERSION = YES;
				CLANG_WARN_DIRECT_OBJC_ISA_USAGE = YES_ERROR;
				CLANG_WARN_DOCUMENTATION_COMMENTS = YES;
				CLANG_WARN_EMPTY_BODY = YES;
				CLANG_WARN_ENUM_CONVERSION = YES;
				CLANG_WARN_INFINITE_RECURSION = YES;
				CLANG_WARN_INT_CONVERSION = YES;
				CLANG_WARN_OBJC_ROOT_CLASS = YES_ERROR;
				CLANG_WARN_SUSPICIOUS_MOVE = YES;
				CLANG_WARN_UNREACHABLE_CODE = YES;
				CLANG_WARN__DUPLICATE_METHOD_MATCH = YES;
				"CODE_SIGN_IDENTITY[sdk=iphoneos*]" = "iPhone Developer";
				COPY_PHASE_STRIP = NO;
				DEBUG_INFORMATION_FORMAT = dwarf;
				ENABLE_STRICT_OBJC_MSGSEND = YES;
				ENABLE_TESTABILITY = YES;
				GCC_C_LANGUAGE_STANDARD = gnu99;
				GCC_DYNAMIC_NO_PIC = NO;
				GCC_NO_COMMON_BLOCKS = YES;
				GCC_OPTIMIZATION_LEVEL = 0;
				GCC_PREPROCESSOR_DEFINITIONS = (
					"DEBUG=1",
					"$(inherited)",
				);
				GCC_WARN_64_TO_32_BIT_CONVERSION = YES;
				GCC_WARN_ABOUT_RETURN_TYPE = YES_ERROR;
				GCC_WARN_UNDECLARED_SELECTOR = YES;
				GCC_WARN_UNINITIALIZED_AUTOS = YES_AGGRESSIVE;
				GCC_WARN_UNUSED_FUNCTION = YES;
				GCC_WARN_UNUSED_VARIABLE = YES;
				IPHONEOS_DEPLOYMENT_TARGET = 10.3;
				MTL_ENABLE_DEBUG_INFO = YES;
				ONLY_ACTIVE_ARCH = YES;
				SDKROOT = iphoneos;
				SWIFT_ACTIVE_COMPILATION_CONDITIONS = DEBUG;
				SWIFT_OPTIMIZATION_LEVEL = "-Onone";
			};
			name = Debug;
		};
		4C0E1FCB1EE95513006B5F4D /* Release */ = {
			isa = XCBuildConfiguration;
			buildSettings = {
				ALWAYS_SEARCH_USER_PATHS = NO;
				CLANG_ANALYZER_NONNULL = YES;
				CLANG_ANALYZER_NUMBER_OBJECT_CONVERSION = YES_AGGRESSIVE;
				CLANG_CXX_LANGUAGE_STANDARD = "gnu++0x";
				CLANG_CXX_LIBRARY = "libc++";
				CLANG_ENABLE_MODULES = YES;
				CLANG_ENABLE_OBJC_ARC = YES;
				CLANG_WARN_BOOL_CONVERSION = YES;
				CLANG_WARN_CONSTANT_CONVERSION = YES;
				CLANG_WARN_DIRECT_OBJC_ISA_USAGE = YES_ERROR;
				CLANG_WARN_DOCUMENTATION_COMMENTS = YES;
				CLANG_WARN_EMPTY_BODY = YES;
				CLANG_WARN_ENUM_CONVERSION = YES;
				CLANG_WARN_INFINITE_RECURSION = YES;
				CLANG_WARN_INT_CONVERSION = YES;
				CLANG_WARN_OBJC_ROOT_CLASS = YES_ERROR;
				CLANG_WARN_SUSPICIOUS_MOVE = YES;
				CLANG_WARN_UNREACHABLE_CODE = YES;
				CLANG_WARN__DUPLICATE_METHOD_MATCH = YES;
				"CODE_SIGN_IDENTITY[sdk=iphoneos*]" = "iPhone Developer";
				COPY_PHASE_STRIP = NO;
				DEBUG_INFORMATION_FORMAT = "dwarf-with-dsym";
				ENABLE_NS_ASSERTIONS = NO;
				ENABLE_STRICT_OBJC_MSGSEND = YES;
				GCC_C_LANGUAGE_STANDARD = gnu99;
				GCC_NO_COMMON_BLOCKS = YES;
				GCC_WARN_64_TO_32_BIT_CONVERSION = YES;
				GCC_WARN_ABOUT_RETURN_TYPE = YES_ERROR;
				GCC_WARN_UNDECLARED_SELECTOR = YES;
				GCC_WARN_UNINITIALIZED_AUTOS = YES_AGGRESSIVE;
				GCC_WARN_UNUSED_FUNCTION = YES;
				GCC_WARN_UNUSED_VARIABLE = YES;
				IPHONEOS_DEPLOYMENT_TARGET = 10.3;
				MTL_ENABLE_DEBUG_INFO = NO;
				SDKROOT = iphoneos;
				SWIFT_OPTIMIZATION_LEVEL = "-Owholemodule";
				VALIDATE_PRODUCT = YES;
			};
			name = Release;
		};
		4C0E1FCD1EE95513006B5F4D /* Debug */ = {
			isa = XCBuildConfiguration;
			buildSettings = {
				ASSETCATALOG_COMPILER_APPICON_NAME = AppIcon;
				INFOPLIST_FILE = MemoPairPrograming/Info.plist;
				LD_RUNPATH_SEARCH_PATHS = "$(inherited) @executable_path/Frameworks";
				PRODUCT_BUNDLE_IDENTIFIER = gisuhwang.MemoPairPrograming;
				PRODUCT_NAME = "$(TARGET_NAME)";
				SWIFT_VERSION = 3.0;
			};
			name = Debug;
		};
		4C0E1FCE1EE95513006B5F4D /* Release */ = {
			isa = XCBuildConfiguration;
			buildSettings = {
				ASSETCATALOG_COMPILER_APPICON_NAME = AppIcon;
				INFOPLIST_FILE = MemoPairPrograming/Info.plist;
				LD_RUNPATH_SEARCH_PATHS = "$(inherited) @executable_path/Frameworks";
				PRODUCT_BUNDLE_IDENTIFIER = gisuhwang.MemoPairPrograming;
				PRODUCT_NAME = "$(TARGET_NAME)";
				SWIFT_VERSION = 3.0;
			};
			name = Release;
		};
/* End XCBuildConfiguration section */

/* Begin XCConfigurationList section */
		4C0E1FB51EE95513006B5F4D /* Build configuration list for PBXProject "MemoPairPrograming" */ = {
			isa = XCConfigurationList;
			buildConfigurations = (
				4C0E1FCA1EE95513006B5F4D /* Debug */,
				4C0E1FCB1EE95513006B5F4D /* Release */,
			);
			defaultConfigurationIsVisible = 0;
			defaultConfigurationName = Release;
		};
		4C0E1FCC1EE95513006B5F4D /* Build configuration list for PBXNativeTarget "MemoPairPrograming" */ = {
			isa = XCConfigurationList;
			buildConfigurations = (
				4C0E1FCD1EE95513006B5F4D /* Debug */,
				4C0E1FCE1EE95513006B5F4D /* Release */,
			);
			defaultConfigurationIsVisible = 0;
			defaultConfigurationName = Release;
		};
/* End XCConfigurationList section */
	};
	rootObject = 4C0E1FB21EE95513006B5F4D /* Project object */;
}
